<?xml version="1.0" encoding="utf-8"?>
<Project ToolsVersion="4.0" xmlns="http://schemas.microsoft.com/developer/msbuild/2003">
  <ItemGroup>
    <Filter Include="源文件">
      <UniqueIdentifier>{4FC737F1-C7A5-4376-A066-2A32D752A2FF}</UniqueIdentifier>
      <Extensions>cpp;c;cc;cxx;def;odl;idl;hpj;bat;asm;asmx</Extensions>
    </Filter>
    <Filter Include="头文件">
      <UniqueIdentifier>{93995380-89BD-4b04-88EB-625FBE52EBFB}</UniqueIdentifier>
      <Extensions>h;hh;hpp;hxx;hm;inl;inc;ipp;xsd</Extensions>
    </Filter>
    <Filter Include="资源文件">
      <UniqueIdentifier>{67DA6AB6-F800-4c08-8B7A-83BB121AAD01}</UniqueIdentifier>
      <Extensions>rc;ico;cur;bmp;dlg;rc2;rct;bin;rgs;gif;jpg;jpeg;jpe;resx;tiff;tif;png;wav;mfcribbon-ms</Extensions>
    </Filter>
    <Filter Include="Source">
      <UniqueIdentifier>{c375cfe0-0cea-48f7-aeb4-fb255debb030}</UniqueIdentifier>
    </Filter>
    <Filter Include="Source\glad">
      <UniqueIdentifier>{9a1f9c2a-4f4b-4115-93b3-907cbdab54ba}</UniqueIdentifier>
    </Filter>
    <Filter Include="Source\Tools">
      <UniqueIdentifier>{f9afa68a-09bd-47a9-af52-2f6e4b669e28}</UniqueIdentifier>
    </Filter>
    <Filter Include="Source\Camera">
      <UniqueIdentifier>{98994e8a-6f4d-458d-859c-62234317165c}</UniqueIdentifier>
    </Filter>
    <Filter Include="Source\Textures">
      <UniqueIdentifier>{55696524-a2e1-453e-a367-336e6d3a7568}</UniqueIdentifier>
    </Filter>
    <Filter Include="Source\Shader">
      <UniqueIdentifier>{4725f95f-bb0e-43cf-be6c-6d7539a466de}</UniqueIdentifier>
    </Filter>
    <Filter Include="Source\Managers">
      <UniqueIdentifier>{6dc39b08-7bbc-4a75-9482-a6adbb153bd2}</UniqueIdentifier>
    </Filter>
    <Filter Include="Source\GameFrame">
      <UniqueIdentifier>{152a251d-ed4c-4ee8-83ce-9be9cd6af19c}</UniqueIdentifier>
    </Filter>
    <Filter Include="Source\ShaderScript">
      <UniqueIdentifier>{43e7469f-921a-4cce-8caf-d139da643ea3}</UniqueIdentifier>
    </Filter>
    <Filter Include="Source\Sprite">
      <UniqueIdentifier>{b113d3a6-6166-4654-aa2e-0c461ed6087b}</UniqueIdentifier>
    </Filter>
    <Filter Include="Source\Box2D">
      <UniqueIdentifier>{4b51658f-ca80-42b6-96d7-d3d40d373da1}</UniqueIdentifier>
    </Filter>
  </ItemGroup>
  <ItemGroup>
    <ClCompile Include="Source\LearnOpenGL.cpp">
      <Filter>Source</Filter>
    </ClCompile>
    <ClCompile Include="..\ThirdCode\src\glad.c">
      <Filter>Source\glad</Filter>
    </ClCompile>
    <ClCompile Include="Source\Tools\FileHelper.cpp">
      <Filter>Source\Tools</Filter>
    </ClCompile>
    <ClCompile Include="Source\Camera\Camera.cpp">
      <Filter>Source\Camera</Filter>
    </ClCompile>
    <ClCompile Include="Source\Textures\Texture2D.cpp">
      <Filter>Source\Textures</Filter>
    </ClCompile>
    <ClCompile Include="Source\Shader\Shader.cpp">
      <Filter>Source\Shader</Filter>
    </ClCompile>
    <ClCompile Include="Source\Managers\CameraManager.cpp">
      <Filter>Source\Managers</Filter>
    </ClCompile>
    <ClCompile Include="Source\Managers\ResourceManager.cpp">
      <Filter>Source\Managers</Filter>
    </ClCompile>
    <ClCompile Include="Source\GameFrame\Game.cpp">
      <Filter>Source\GameFrame</Filter>
    </ClCompile>
    <ClCompile Include="Source\Sprite\Sprite.cpp">
      <Filter>Source\Sprite</Filter>
    </ClCompile>
    <ClCompile Include="Source\GameFrame\GameObject.cpp">
      <Filter>Source\GameFrame</Filter>
    </ClCompile>
    <ClCompile Include="Source\GameFrame\GameLevel.cpp">
      <Filter>Source\GameFrame</Filter>
    </ClCompile>
    <ClCompile Include="Source\Box2D\Collision\b2BroadPhase.cpp">
      <Filter>Source\Box2D</Filter>
    </ClCompile>
    <ClCompile Include="Source\Box2D\Collision\b2CollideCircle.cpp">
      <Filter>Source\Box2D</Filter>
    </ClCompile>
    <ClCompile Include="Source\Box2D\Collision\b2CollideEdge.cpp">
      <Filter>Source\Box2D</Filter>
    </ClCompile>
    <ClCompile Include="Source\Box2D\Collision\b2CollidePolygon.cpp">
      <Filter>Source\Box2D</Filter>
    </ClCompile>
    <ClCompile Include="Source\Box2D\Collision\b2Collision.cpp">
      <Filter>Source\Box2D</Filter>
    </ClCompile>
    <ClCompile Include="Source\Box2D\Collision\b2Distance.cpp">
      <Filter>Source\Box2D</Filter>
    </ClCompile>
    <ClCompile Include="Source\Box2D\Collision\b2DynamicTree.cpp">
      <Filter>Source\Box2D</Filter>
    </ClCompile>
    <ClCompile Include="Source\Box2D\Collision\b2TimeOfImpact.cpp">
      <Filter>Source\Box2D</Filter>
    </ClCompile>
    <ClCompile Include="Source\Box2D\Collision\Shapes\b2ChainShape.cpp">
      <Filter>Source\Box2D</Filter>
    </ClCompile>
    <ClCompile Include="Source\Box2D\Collision\Shapes\b2CircleShape.cpp">
      <Filter>Source\Box2D</Filter>
    </ClCompile>
    <ClCompile Include="Source\Box2D\Collision\Shapes\b2EdgeShape.cpp">
      <Filter>Source\Box2D</Filter>
    </ClCompile>
    <ClCompile Include="Source\Box2D\Collision\Shapes\b2PolygonShape.cpp">
      <Filter>Source\Box2D</Filter>
    </ClCompile>
    <ClCompile Include="Source\Box2D\Common\b2BlockAllocator.cpp">
      <Filter>Source\Box2D</Filter>
    </ClCompile>
    <ClCompile Include="Source\Box2D\Common\b2Draw.cpp">
      <Filter>Source\Box2D</Filter>
    </ClCompile>
    <ClCompile Include="Source\Box2D\Common\b2Math.cpp">
      <Filter>Source\Box2D</Filter>
    </ClCompile>
    <ClCompile Include="Source\Box2D\Common\b2Settings.cpp">
      <Filter>Source\Box2D</Filter>
    </ClCompile>
    <ClCompile Include="Source\Box2D\Common\b2StackAllocator.cpp">
      <Filter>Source\Box2D</Filter>
    </ClCompile>
    <ClCompile Include="Source\Box2D\Common\b2Timer.cpp">
      <Filter>Source\Box2D</Filter>
    </ClCompile>
    <ClCompile Include="Source\Box2D\Dynamics\b2Body.cpp">
      <Filter>Source\Box2D</Filter>
    </ClCompile>
    <ClCompile Include="Source\Box2D\Dynamics\b2ContactManager.cpp">
      <Filter>Source\Box2D</Filter>
    </ClCompile>
    <ClCompile Include="Source\Box2D\Dynamics\b2Fixture.cpp">
      <Filter>Source\Box2D</Filter>
    </ClCompile>
    <ClCompile Include="Source\Box2D\Dynamics\b2Island.cpp">
      <Filter>Source\Box2D</Filter>
    </ClCompile>
    <ClCompile Include="Source\Box2D\Dynamics\b2World.cpp">
      <Filter>Source\Box2D</Filter>
    </ClCompile>
    <ClCompile Include="Source\Box2D\Dynamics\b2WorldCallbacks.cpp">
      <Filter>Source\Box2D</Filter>
    </ClCompile>
    <ClCompile Include="Source\Box2D\Dynamics\Contacts\b2ChainAndCircleContact.cpp">
      <Filter>Source\Box2D</Filter>
    </ClCompile>
    <ClCompile Include="Source\Box2D\Dynamics\Contacts\b2ChainAndPolygonContact.cpp">
      <Filter>Source\Box2D</Filter>
    </ClCompile>
    <ClCompile Include="Source\Box2D\Dynamics\Contacts\b2CircleContact.cpp">
      <Filter>Source\Box2D</Filter>
    </ClCompile>
    <ClCompile Include="Source\Box2D\Dynamics\Contacts\b2Contact.cpp">
      <Filter>Source\Box2D</Filter>
    </ClCompile>
    <ClCompile Include="Source\Box2D\Dynamics\Contacts\b2ContactSolver.cpp">
      <Filter>Source\Box2D</Filter>
    </ClCompile>
    <ClCompile Include="Source\Box2D\Dynamics\Contacts\b2EdgeAndCircleContact.cpp">
      <Filter>Source\Box2D</Filter>
    </ClCompile>
    <ClCompile Include="Source\Box2D\Dynamics\Contacts\b2EdgeAndPolygonContact.cpp">
      <Filter>Source\Box2D</Filter>
    </ClCompile>
    <ClCompile Include="Source\Box2D\Dynamics\Contacts\b2PolygonAndCircleContact.cpp">
      <Filter>Source\Box2D</Filter>
    </ClCompile>
    <ClCompile Include="Source\Box2D\Dynamics\Contacts\b2PolygonContact.cpp">
      <Filter>Source\Box2D</Filter>
    </ClCompile>
    <ClCompile Include="Source\Box2D\Dynamics\Joints\b2DistanceJoint.cpp">
      <Filter>Source\Box2D</Filter>
    </ClCompile>
    <ClCompile Include="Source\Box2D\Dynamics\Joints\b2FrictionJoint.cpp">
      <Filter>Source\Box2D</Filter>
    </ClCompile>
    <ClCompile Include="Source\Box2D\Dynamics\Joints\b2GearJoint.cpp">
      <Filter>Source\Box2D</Filter>
    </ClCompile>
    <ClCompile Include="Source\Box2D\Dynamics\Joints\b2Joint.cpp">
      <Filter>Source\Box2D</Filter>
    </ClCompile>
    <ClCompile Include="Source\Box2D\Dynamics\Joints\b2MotorJoint.cpp">
      <Filter>Source\Box2D</Filter>
    </ClCompile>
    <ClCompile Include="Source\Box2D\Dynamics\Joints\b2MouseJoint.cpp">
      <Filter>Source\Box2D</Filter>
    </ClCompile>
    <ClCompile Include="Source\Box2D\Dynamics\Joints\b2PrismaticJoint.cpp">
      <Filter>Source\Box2D</Filter>
    </ClCompile>
    <ClCompile Include="Source\Box2D\Dynamics\Joints\b2PulleyJoint.cpp">
      <Filter>Source\Box2D</Filter>
    </ClCompile>
    <ClCompile Include="Source\Box2D\Dynamics\Joints\b2RevoluteJoint.cpp">
      <Filter>Source\Box2D</Filter>
    </ClCompile>
    <ClCompile Include="Source\Box2D\Dynamics\Joints\b2RopeJoint.cpp">
      <Filter>Source\Box2D</Filter>
    </ClCompile>
    <ClCompile Include="Source\Box2D\Dynamics\Joints\b2WeldJoint.cpp">
      <Filter>Source\Box2D</Filter>
    </ClCompile>
    <ClCompile Include="Source\Box2D\Dynamics\Joints\b2WheelJoint.cpp">
      <Filter>Source\Box2D</Filter>
    </ClCompile>
    <ClCompile Include="Source\Box2D\Rope\b2Rope.cpp">
      <Filter>Source\Box2D</Filter>
    </ClCompile>
    <ClCompile Include="Source\GameFrame\BallObject.cpp">
      <Filter>Source\GameFrame</Filter>
    </ClCompile>
    <ClCompile Include="Source\GameFrame\PostProcessor.cpp">
      <Filter>Source\GameFrame</Filter>
    </ClCompile>
  </ItemGroup>
  <ItemGroup>
    <ClInclude Include="Source\Tools\FileHelper.h">
      <Filter>Source\Tools</Filter>
    </ClInclude>
    <ClInclude Include="Source\Camera\Camera.h">
      <Filter>Source\Camera</Filter>
    </ClInclude>
    <ClInclude Include="Source\Headle.h">
      <Filter>Source</Filter>
    </ClInclude>
    <ClInclude Include="Source\Textures\Texture2D.h">
      <Filter>Source\Textures</Filter>
    </ClInclude>
    <ClInclude Include="Source\Shader\Shader.h">
      <Filter>Source\Shader</Filter>
    </ClInclude>
    <ClInclude Include="Source\Managers\CameraManager.h">
      <Filter>Source\Managers</Filter>
    </ClInclude>
    <ClInclude Include="Source\Managers\ResourceManager.h">
      <Filter>Source\Managers</Filter>
    </ClInclude>
    <ClInclude Include="Source\GameFrame\Game.h">
      <Filter>Source\GameFrame</Filter>
    </ClInclude>
    <ClInclude Include="Source\Sprite\Sprite.h">
      <Filter>Source\Sprite</Filter>
    </ClInclude>
    <ClInclude Include="Source\GameFrame\GameObject.h">
      <Filter>Source\GameFrame</Filter>
    </ClInclude>
    <ClInclude Include="Source\GameFrame\GameLevel.h">
      <Filter>Source\GameFrame</Filter>
    </ClInclude>
    <ClInclude Include="Source\Box2D\Box2D.h">
      <Filter>Source\Box2D</Filter>
    </ClInclude>
    <ClInclude Include="Source\Box2D\Collision\b2BroadPhase.h">
      <Filter>Source\Box2D</Filter>
    </ClInclude>
    <ClInclude Include="Source\Box2D\Collision\b2Collision.h">
      <Filter>Source\Box2D</Filter>
    </ClInclude>
    <ClInclude Include="Source\Box2D\Collision\b2Distance.h">
      <Filter>Source\Box2D</Filter>
    </ClInclude>
    <ClInclude Include="Source\Box2D\Collision\b2DynamicTree.h">
      <Filter>Source\Box2D</Filter>
    </ClInclude>
    <ClInclude Include="Source\Box2D\Collision\b2TimeOfImpact.h">
      <Filter>Source\Box2D</Filter>
    </ClInclude>
    <ClInclude Include="Source\Box2D\Collision\Shapes\b2ChainShape.h">
      <Filter>Source\Box2D</Filter>
    </ClInclude>
    <ClInclude Include="Source\Box2D\Collision\Shapes\b2CircleShape.h">
      <Filter>Source\Box2D</Filter>
    </ClInclude>
    <ClInclude Include="Source\Box2D\Collision\Shapes\b2EdgeShape.h">
      <Filter>Source\Box2D</Filter>
    </ClInclude>
    <ClInclude Include="Source\Box2D\Collision\Shapes\b2PolygonShape.h">
      <Filter>Source\Box2D</Filter>
    </ClInclude>
    <ClInclude Include="Source\Box2D\Collision\Shapes\b2Shape.h">
      <Filter>Source\Box2D</Filter>
    </ClInclude>
    <ClInclude Include="Source\Box2D\Common\b2BlockAllocator.h">
      <Filter>Source\Box2D</Filter>
    </ClInclude>
    <ClInclude Include="Source\Box2D\Common\b2Draw.h">
      <Filter>Source\Box2D</Filter>
    </ClInclude>
    <ClInclude Include="Source\Box2D\Common\b2GrowableStack.h">
      <Filter>Source\Box2D</Filter>
    </ClInclude>
    <ClInclude Include="Source\Box2D\Common\b2Math.h">
      <Filter>Source\Box2D</Filter>
    </ClInclude>
    <ClInclude Include="Source\Box2D\Common\b2Settings.h">
      <Filter>Source\Box2D</Filter>
    </ClInclude>
    <ClInclude Include="Source\Box2D\Common\b2StackAllocator.h">
      <Filter>Source\Box2D</Filter>
    </ClInclude>
    <ClInclude Include="Source\Box2D\Common\b2Timer.h">
      <Filter>Source\Box2D</Filter>
    </ClInclude>
    <ClInclude Include="Source\Box2D\Dynamics\b2Body.h">
      <Filter>Source\Box2D</Filter>
    </ClInclude>
    <ClInclude Include="Source\Box2D\Dynamics\b2ContactManager.h">
      <Filter>Source\Box2D</Filter>
    </ClInclude>
    <ClInclude Include="Source\Box2D\Dynamics\b2Fixture.h">
      <Filter>Source\Box2D</Filter>
    </ClInclude>
    <ClInclude Include="Source\Box2D\Dynamics\b2Island.h">
      <Filter>Source\Box2D</Filter>
    </ClInclude>
    <ClInclude Include="Source\Box2D\Dynamics\b2TimeStep.h">
      <Filter>Source\Box2D</Filter>
    </ClInclude>
    <ClInclude Include="Source\Box2D\Dynamics\b2World.h">
      <Filter>Source\Box2D</Filter>
    </ClInclude>
    <ClInclude Include="Source\Box2D\Dynamics\b2WorldCallbacks.h">
      <Filter>Source\Box2D</Filter>
    </ClInclude>
    <ClInclude Include="Source\Box2D\Dynamics\Contacts\b2ChainAndCircleContact.h">
      <Filter>Source\Box2D</Filter>
    </ClInclude>
    <ClInclude Include="Source\Box2D\Dynamics\Contacts\b2ChainAndPolygonContact.h">
      <Filter>Source\Box2D</Filter>
    </ClInclude>
    <ClInclude Include="Source\Box2D\Dynamics\Contacts\b2CircleContact.h">
      <Filter>Source\Box2D</Filter>
    </ClInclude>
    <ClInclude Include="Source\Box2D\Dynamics\Contacts\b2Contact.h">
      <Filter>Source\Box2D</Filter>
    </ClInclude>
    <ClInclude Include="Source\Box2D\Dynamics\Contacts\b2ContactSolver.h">
      <Filter>Source\Box2D</Filter>
    </ClInclude>
    <ClInclude Include="Source\Box2D\Dynamics\Contacts\b2EdgeAndCircleContact.h">
      <Filter>Source\Box2D</Filter>
    </ClInclude>
    <ClInclude Include="Source\Box2D\Dynamics\Contacts\b2EdgeAndPolygonContact.h">
      <Filter>Source\Box2D</Filter>
    </ClInclude>
    <ClInclude Include="Source\Box2D\Dynamics\Contacts\b2PolygonAndCircleContact.h">
      <Filter>Source\Box2D</Filter>
    </ClInclude>
    <ClInclude Include="Source\Box2D\Dynamics\Contacts\b2PolygonContact.h">
      <Filter>Source\Box2D</Filter>
    </ClInclude>
    <ClInclude Include="Source\Box2D\Dynamics\Joints\b2DistanceJoint.h">
      <Filter>Source\Box2D</Filter>
    </ClInclude>
    <ClInclude Include="Source\Box2D\Dynamics\Joints\b2FrictionJoint.h">
      <Filter>Source\Box2D</Filter>
    </ClInclude>
    <ClInclude Include="Source\Box2D\Dynamics\Joints\b2GearJoint.h">
      <Filter>Source\Box2D</Filter>
    </ClInclude>
    <ClInclude Include="Source\Box2D\Dynamics\Joints\b2Joint.h">
      <Filter>Source\Box2D</Filter>
    </ClInclude>
    <ClInclude Include="Source\Box2D\Dynamics\Joints\b2MotorJoint.h">
      <Filter>Source\Box2D</Filter>
    </ClInclude>
    <ClInclude Include="Source\Box2D\Dynamics\Joints\b2MouseJoint.h">
      <Filter>Source\Box2D</Filter>
    </ClInclude>
    <ClInclude Include="Source\Box2D\Dynamics\Joints\b2PrismaticJoint.h">
      <Filter>Source\Box2D</Filter>
    </ClInclude>
    <ClInclude Include="Source\Box2D\Dynamics\Joints\b2PulleyJoint.h">
      <Filter>Source\Box2D</Filter>
    </ClInclude>
    <ClInclude Include="Source\Box2D\Dynamics\Joints\b2RevoluteJoint.h">
      <Filter>Source\Box2D</Filter>
    </ClInclude>
    <ClInclude Include="Source\Box2D\Dynamics\Joints\b2RopeJoint.h">
      <Filter>Source\Box2D</Filter>
    </ClInclude>
    <ClInclude Include="Source\Box2D\Dynamics\Joints\b2WeldJoint.h">
      <Filter>Source\Box2D</Filter>
    </ClInclude>
    <ClInclude Include="Source\Box2D\Dynamics\Joints\b2WheelJoint.h">
      <Filter>Source\Box2D</Filter>
    </ClInclude>
    <ClInclude Include="Source\Box2D\Rope\b2Rope.h">
      <Filter>Source\Box2D</Filter>
    </ClInclude>
    <ClInclude Include="Source\GameFrame\BallObject.h">
      <Filter>Source\GameFrame</Filter>
    </ClInclude>
    <ClInclude Include="Source\GameFrame\PostProcessor.h">
      <Filter>Source\GameFrame</Filter>
    </ClInclude>
  </ItemGroup>
  <ItemGroup>
    <Text Include="ShaderScript\VertexShader.txt">
      <Filter>Source\ShaderScript</Filter>
    </Text>
    <Text Include="ShaderScript\FragmentShader.txt">
      <Filter>Source\ShaderScript</Filter>
    </Text>
    <Text Include="ShaderScript\PostProcessF.txt">
      <Filter>Source\ShaderScript</Filter>
    </Text>
    <Text Include="ShaderScript\PostProcessV.txt">
      <Filter>Source\ShaderScript</Filter>
    </Text>
  </ItemGroup>
</Project>