// !$*UTF8*$!
{
	archiveVersion = 1;
	classes = {
	};
	objectVersion = 50;
	objects = {

/* Begin PBXBuildFile section */
		1102BDEF20A2F9600061B7D5 /* FileHelper.cpp in Sources */ = {isa = PBXBuildFile; fileRef = 1102BDED20A2F9600061B7D5 /* FileHelper.cpp */; };
		1102BDF420A300F80061B7D5 /* ShaderProgram.cpp in Sources */ = {isa = PBXBuildFile; fileRef = 1102BDF220A300F80061B7D5 /* ShaderProgram.cpp */; };
		113C7F1A20A03C0600BB5CE7 /* glad.c in Sources */ = {isa = PBXBuildFile; fileRef = 113C7F1920A03C0600BB5CE7 /* glad.c */; };
		A57B70602084EB4600404802 /* libGLEW.2.1.0.dylib in Frameworks */ = {isa = PBXBuildFile; fileRef = A57B705F2084EB4600404802 /* libGLEW.2.1.0.dylib */; };
		A57B70622084EB5E00404802 /* libglfw.3.2.dylib in Frameworks */ = {isa = PBXBuildFile; fileRef = A57B70612084EB5E00404802 /* libglfw.3.2.dylib */; };
		A5A3653F2084E70C00246646 /* main.cpp in Sources */ = {isa = PBXBuildFile; fileRef = A5A3653E2084E70C00246646 /* main.cpp */; };
		A5A365472084E86C00246646 /* OpenGL.framework in Frameworks */ = {isa = PBXBuildFile; fileRef = A5A365462084E86C00246646 /* OpenGL.framework */; };
/* End PBXBuildFile section */

/* Begin PBXCopyFilesBuildPhase section */
		A5A365392084E70C00246646 /* CopyFiles */ = {
			isa = PBXCopyFilesBuildPhase;
			buildActionMask = 2147483647;
			dstPath = "";
			dstSubfolderSpec = 0;
			files = (
			);
			runOnlyForDeploymentPostprocessing = 1;
		};
/* End PBXCopyFilesBuildPhase section */

/* Begin PBXFileReference section */
		1102BDE520A198F80061B7D5 /* VertexShader.strings */ = {isa = PBXFileReference; fileEncoding = 4; lastKnownFileType = text.plist.strings; path = VertexShader.strings; sourceTree = "<group>"; };
		1102BDE620A199170061B7D5 /* FragmentShader.strings */ = {isa = PBXFileReference; lastKnownFileType = text.plist.strings; path = FragmentShader.strings; sourceTree = "<group>"; };
		1102BDED20A2F9600061B7D5 /* FileHelper.cpp */ = {isa = PBXFileReference; lastKnownFileType = sourcecode.cpp.cpp; path = FileHelper.cpp; sourceTree = "<group>"; };
		1102BDEE20A2F9600061B7D5 /* FileHelper.h */ = {isa = PBXFileReference; lastKnownFileType = sourcecode.c.h; path = FileHelper.h; sourceTree = "<group>"; };
		1102BDF220A300F80061B7D5 /* ShaderProgram.cpp */ = {isa = PBXFileReference; lastKnownFileType = sourcecode.cpp.cpp; path = ShaderProgram.cpp; sourceTree = "<group>"; };
		1102BDF320A300F80061B7D5 /* ShaderProgram.h */ = {isa = PBXFileReference; lastKnownFileType = sourcecode.c.h; path = ShaderProgram.h; sourceTree = "<group>"; };
		1102BDF620A303A70061B7D5 /* GameHeader.h */ = {isa = PBXFileReference; lastKnownFileType = sourcecode.c.h; path = GameHeader.h; sourceTree = "<group>"; };
		1115255520AD5EE500D9B83D /* glm */ = {isa = PBXFileReference; lastKnownFileType = folder; path = glm; sourceTree = "<group>"; };
		113C7F1720A03C0600BB5CE7 /* khrplatform.h */ = {isa = PBXFileReference; fileEncoding = 4; lastKnownFileType = sourcecode.c.h; path = khrplatform.h; sourceTree = "<group>"; };
		113C7F1820A03C0600BB5CE7 /* glad.h */ = {isa = PBXFileReference; fileEncoding = 4; lastKnownFileType = sourcecode.c.h; path = glad.h; sourceTree = "<group>"; };
		113C7F1920A03C0600BB5CE7 /* glad.c */ = {isa = PBXFileReference; fileEncoding = 4; lastKnownFileType = sourcecode.c.c; path = glad.c; sourceTree = "<group>"; };
		11AE24EE20AA888A0060B7DB /* awesomeface.jpg */ = {isa = PBXFileReference; lastKnownFileType = image.jpeg; path = awesomeface.jpg; sourceTree = "<group>"; };
		A57B705F2084EB4600404802 /* libGLEW.2.1.0.dylib */ = {isa = PBXFileReference; lastKnownFileType = "compiled.mach-o.dylib"; name = libGLEW.2.1.0.dylib; path = ../../../../../usr/local/Cellar/glew/2.1.0/lib/libGLEW.2.1.0.dylib; sourceTree = "<group>"; };
		A57B70612084EB5E00404802 /* libglfw.3.2.dylib */ = {isa = PBXFileReference; lastKnownFileType = "compiled.mach-o.dylib"; name = libglfw.3.2.dylib; path = ../../../../../usr/local/Cellar/glfw/3.2.1/lib/libglfw.3.2.dylib; sourceTree = "<group>"; };
		A57BB41C20A9C94E0040AEBC /* container.jpg */ = {isa = PBXFileReference; lastKnownFileType = image.jpeg; path = container.jpg; sourceTree = "<group>"; };
		A57BB41D20A9C94E0040AEBC /* wall.jpg */ = {isa = PBXFileReference; lastKnownFileType = image.jpeg; path = wall.jpg; sourceTree = "<group>"; };
		A57BB41F20A9CA490040AEBC /* stb_image.h */ = {isa = PBXFileReference; fileEncoding = 4; lastKnownFileType = sourcecode.c.h; path = stb_image.h; sourceTree = "<group>"; };
		A5A3653B2084E70C00246646 /* LearnOpenGL */ = {isa = PBXFileReference; explicitFileType = "compiled.mach-o.executable"; includeInIndex = 0; path = LearnOpenGL; sourceTree = BUILT_PRODUCTS_DIR; };
		A5A3653E2084E70C00246646 /* main.cpp */ = {isa = PBXFileReference; lastKnownFileType = sourcecode.cpp.cpp; path = main.cpp; sourceTree = "<group>"; };
		A5A365462084E86C00246646 /* OpenGL.framework */ = {isa = PBXFileReference; lastKnownFileType = wrapper.framework; name = OpenGL.framework; path = System/Library/Frameworks/OpenGL.framework; sourceTree = SDKROOT; };
/* End PBXFileReference section */

/* Begin PBXFrameworksBuildPhase section */
		A5A365382084E70C00246646 /* Frameworks */ = {
			isa = PBXFrameworksBuildPhase;
			buildActionMask = 2147483647;
			files = (
				A57B70622084EB5E00404802 /* libglfw.3.2.dylib in Frameworks */,
				A57B70602084EB4600404802 /* libGLEW.2.1.0.dylib in Frameworks */,
				A5A365472084E86C00246646 /* OpenGL.framework in Frameworks */,
			);
			runOnlyForDeploymentPostprocessing = 0;
		};
/* End PBXFrameworksBuildPhase section */

/* Begin PBXGroup section */
		1102BDE420A198F80061B7D5 /* Shaders */ = {
			isa = PBXGroup;
			children = (
				1102BDE520A198F80061B7D5 /* VertexShader.strings */,
				1102BDE620A199170061B7D5 /* FragmentShader.strings */,
			);
			path = Shaders;
			sourceTree = "<group>";
		};
		1102BDEB20A2F90E0061B7D5 /* Glad */ = {
			isa = PBXGroup;
			children = (
				113C7F1920A03C0600BB5CE7 /* glad.c */,
				113C7F1820A03C0600BB5CE7 /* glad.h */,
				113C7F1720A03C0600BB5CE7 /* khrplatform.h */,
			);
			path = Glad;
			sourceTree = "<group>";
		};
		1102BDEC20A2F9200061B7D5 /* Tools */ = {
			isa = PBXGroup;
			children = (
				A57BB41E20A9C98D0040AEBC /* ImageTool */,
				1102BDED20A2F9600061B7D5 /* FileHelper.cpp */,
				1102BDEE20A2F9600061B7D5 /* FileHelper.h */,
			);
			path = Tools;
			sourceTree = "<group>";
		};
		1102BDF020A3007C0061B7D5 /* GameFrame */ = {
			isa = PBXGroup;
			children = (
				1102BDF520A3011B0061B7D5 /* IncludeHeader */,
				1102BDF120A300880061B7D5 /* Render */,
			);
			path = GameFrame;
			sourceTree = "<group>";
		};
		1102BDF120A300880061B7D5 /* Render */ = {
			isa = PBXGroup;
			children = (
				1102BDF220A300F80061B7D5 /* ShaderProgram.cpp */,
				1102BDF320A300F80061B7D5 /* ShaderProgram.h */,
			);
			path = Render;
			sourceTree = "<group>";
		};
		1102BDF520A3011B0061B7D5 /* IncludeHeader */ = {
			isa = PBXGroup;
			children = (
				1102BDF620A303A70061B7D5 /* GameHeader.h */,
			);
			path = IncludeHeader;
			sourceTree = "<group>";
		};
		A57BB41920A9C8E60040AEBC /* Resource */ = {
			isa = PBXGroup;
			children = (
				A57BB41A20A9C9110040AEBC /* Image */,
			);
			path = Resource;
			sourceTree = "<group>";
		};
		A57BB41A20A9C9110040AEBC /* Image */ = {
			isa = PBXGroup;
			children = (
				11AE24EE20AA888A0060B7DB /* awesomeface.jpg */,
				A57BB41C20A9C94E0040AEBC /* container.jpg */,
				A57BB41D20A9C94E0040AEBC /* wall.jpg */,
			);
			path = Image;
			sourceTree = "<group>";
		};
		A57BB41E20A9C98D0040AEBC /* ImageTool */ = {
			isa = PBXGroup;
			children = (
				A57BB41F20A9CA490040AEBC /* stb_image.h */,
			);
			path = ImageTool;
			sourceTree = "<group>";
		};
		A5A365322084E70C00246646 = {
			isa = PBXGroup;
			children = (
				A5A3653D2084E70C00246646 /* LearnOpenGL */,
				A5A3653C2084E70C00246646 /* Products */,
				A5A365452084E86C00246646 /* Frameworks */,
			);
			sourceTree = "<group>";
		};
		A5A3653C2084E70C00246646 /* Products */ = {
			isa = PBXGroup;
			children = (
				A5A3653B2084E70C00246646 /* LearnOpenGL */,
			);
			name = Products;
			sourceTree = "<group>";
		};
		A5A3653D2084E70C00246646 /* LearnOpenGL */ = {
			isa = PBXGroup;
			children = (
				1115255520AD5EE500D9B83D /* glm */,
				A57BB41920A9C8E60040AEBC /* Resource */,
				1102BDF020A3007C0061B7D5 /* GameFrame */,
				1102BDEC20A2F9200061B7D5 /* Tools */,
				1102BDEB20A2F90E0061B7D5 /* Glad */,
				1102BDE420A198F80061B7D5 /* Shaders */,
				A5A3653E2084E70C00246646 /* main.cpp */,
			);
			path = LearnOpenGL;
			sourceTree = "<group>";
		};
		A5A365452084E86C00246646 /* Frameworks */ = {
			isa = PBXGroup;
			children = (
				A57B70612084EB5E00404802 /* libglfw.3.2.dylib */,
				A57B705F2084EB4600404802 /* libGLEW.2.1.0.dylib */,
				A5A365462084E86C00246646 /* OpenGL.framework */,
			);
			name = Frameworks;
			sourceTree = "<group>";
		};
/* End PBXGroup section */

/* Begin PBXNativeTarget section */
		A5A3653A2084E70C00246646 /* LearnOpenGL */ = {
			isa = PBXNativeTarget;
			buildConfigurationList = A5A365422084E70C00246646 /* Build configuration list for PBXNativeTarget "LearnOpenGL" */;
			buildPhases = (
				A5A365372084E70C00246646 /* Sources */,
				A5A365382084E70C00246646 /* Frameworks */,
				A5A365392084E70C00246646 /* CopyFiles */,
			);
			buildRules = (
			);
			dependencies = (
			);
			name = LearnOpenGL;
			productName = LearnOpenGL;
			productReference = A5A3653B2084E70C00246646 /* LearnOpenGL */;
			productType = "com.apple.product-type.tool";
		};
/* End PBXNativeTarget section */

/* Begin PBXProject section */
		A5A365332084E70C00246646 /* Project object */ = {
			isa = PBXProject;
			attributes = {
				LastUpgradeCheck = 0930;
				ORGANIZATIONNAME = "hongxing zhang";
				TargetAttributes = {
					A5A3653A2084E70C00246646 = {
						CreatedOnToolsVersion = 9.3;
					};
				};
			};
			buildConfigurationList = A5A365362084E70C00246646 /* Build configuration list for PBXProject "LearnOpenGL" */;
			compatibilityVersion = "Xcode 9.3";
			developmentRegion = en;
			hasScannedForEncodings = 0;
			knownRegions = (
				en,
			);
			mainGroup = A5A365322084E70C00246646;
			productRefGroup = A5A3653C2084E70C00246646 /* Products */;
			projectDirPath = "";
			projectRoot = "";
			targets = (
				A5A3653A2084E70C00246646 /* LearnOpenGL */,
			);
		};
/* End PBXProject section */

/* Begin PBXSourcesBuildPhase section */
		A5A365372084E70C00246646 /* Sources */ = {
			isa = PBXSourcesBuildPhase;
			buildActionMask = 2147483647;
			files = (
				A5A3653F2084E70C00246646 /* main.cpp in Sources */,
				1102BDF420A300F80061B7D5 /* ShaderProgram.cpp in Sources */,
				113C7F1A20A03C0600BB5CE7 /* glad.c in Sources */,
				1102BDEF20A2F9600061B7D5 /* FileHelper.cpp in Sources */,
			);
			runOnlyForDeploymentPostprocessing = 0;
		};
/* End PBXSourcesBuildPhase section */

/* Begin XCBuildConfiguration section */
		A5A365402084E70C00246646 /* Debug */ = {
			isa = XCBuildConfiguration;
			buildSettings = {
				ALWAYS_SEARCH_USER_PATHS = NO;
				CLANG_ANALYZER_NONNULL = YES;
				CLANG_ANALYZER_NUMBER_OBJECT_CONVERSION = YES_AGGRESSIVE;
				CLANG_CXX_LANGUAGE_STANDARD = "gnu++14";
				CLANG_CXX_LIBRARY = "libc++";
				CLANG_ENABLE_MODULES = YES;
				CLANG_ENABLE_OBJC_ARC = YES;
				CLANG_ENABLE_OBJC_WEAK = YES;
				CLANG_WARN_BLOCK_CAPTURE_AUTORELEASING = YES;
				CLANG_WARN_BOOL_CONVERSION = YES;
				CLANG_WARN_COMMA = YES;
				CLANG_WARN_CONSTANT_CONVERSION = YES;
				CLANG_WARN_DEPRECATED_OBJC_IMPLEMENTATIONS = YES;
				CLANG_WARN_DIRECT_OBJC_ISA_USAGE = YES_ERROR;
				CLANG_WARN_DOCUMENTATION_COMMENTS = YES;
				CLANG_WARN_EMPTY_BODY = YES;
				CLANG_WARN_ENUM_CONVERSION = YES;
				CLANG_WARN_INFINITE_RECURSION = YES;
				CLANG_WARN_INT_CONVERSION = YES;
				CLANG_WARN_NON_LITERAL_NULL_CONVERSION = YES;
				CLANG_WARN_OBJC_IMPLICIT_RETAIN_SELF = YES;
				CLANG_WARN_OBJC_LITERAL_CONVERSION = YES;
				CLANG_WARN_OBJC_ROOT_CLASS = YES_ERROR;
				CLANG_WARN_RANGE_LOOP_ANALYSIS = YES;
				CLANG_WARN_STRICT_PROTOTYPES = YES;
				CLANG_WARN_SUSPICIOUS_MOVE = YES;
				CLANG_WARN_UNGUARDED_AVAILABILITY = YES_AGGRESSIVE;
				CLANG_WARN_UNREACHABLE_CODE = YES;
				CLANG_WARN__DUPLICATE_METHOD_MATCH = YES;
				CODE_SIGN_IDENTITY = "-";
				COPY_PHASE_STRIP = NO;
				DEBUG_INFORMATION_FORMAT = dwarf;
				ENABLE_STRICT_OBJC_MSGSEND = YES;
				ENABLE_TESTABILITY = YES;
				GCC_C_LANGUAGE_STANDARD = gnu11;
				GCC_DYNAMIC_NO_PIC = NO;
				GCC_NO_COMMON_BLOCKS = YES;
				GCC_OPTIMIZATION_LEVEL = 0;
				GCC_PREPROCESSOR_DEFINITIONS = (
					"DEBUG=1",
					"$(inherited)",
				);
				GCC_WARN_64_TO_32_BIT_CONVERSION = YES;
				GCC_WARN_ABOUT_RETURN_TYPE = YES_ERROR;
				GCC_WARN_UNDECLARED_SELECTOR = YES;
				GCC_WARN_UNINITIALIZED_AUTOS = YES_AGGRESSIVE;
				GCC_WARN_UNUSED_FUNCTION = YES;
				GCC_WARN_UNUSED_VARIABLE = YES;
				MACOSX_DEPLOYMENT_TARGET = 10.13;
				MTL_ENABLE_DEBUG_INFO = YES;
				ONLY_ACTIVE_ARCH = YES;
				SDKROOT = macosx;
			};
			name = Debug;
		};
		A5A365412084E70C00246646 /* Release */ = {
			isa = XCBuildConfiguration;
			buildSettings = {
				ALWAYS_SEARCH_USER_PATHS = NO;
				CLANG_ANALYZER_NONNULL = YES;
				CLANG_ANALYZER_NUMBER_OBJECT_CONVERSION = YES_AGGRESSIVE;
				CLANG_CXX_LANGUAGE_STANDARD = "gnu++14";
				CLANG_CXX_LIBRARY = "libc++";
				CLANG_ENABLE_MODULES = YES;
				CLANG_ENABLE_OBJC_ARC = YES;
				CLANG_ENABLE_OBJC_WEAK = YES;
				CLANG_WARN_BLOCK_CAPTURE_AUTORELEASING = YES;
				CLANG_WARN_BOOL_CONVERSION = YES;
				CLANG_WARN_COMMA = YES;
				CLANG_WARN_CONSTANT_CONVERSION = YES;
				CLANG_WARN_DEPRECATED_OBJC_IMPLEMENTATIONS = YES;
				CLANG_WARN_DIRECT_OBJC_ISA_USAGE = YES_ERROR;
				CLANG_WARN_DOCUMENTATION_COMMENTS = YES;
				CLANG_WARN_EMPTY_BODY = YES;
				CLANG_WARN_ENUM_CONVERSION = YES;
				CLANG_WARN_INFINITE_RECURSION = YES;
				CLANG_WARN_INT_CONVERSION = YES;
				CLANG_WARN_NON_LITERAL_NULL_CONVERSION = YES;
				CLANG_WARN_OBJC_IMPLICIT_RETAIN_SELF = YES;
				CLANG_WARN_OBJC_LITERAL_CONVERSION = YES;
				CLANG_WARN_OBJC_ROOT_CLASS = YES_ERROR;
				CLANG_WARN_RANGE_LOOP_ANALYSIS = YES;
				CLANG_WARN_STRICT_PROTOTYPES = YES;
				CLANG_WARN_SUSPICIOUS_MOVE = YES;
				CLANG_WARN_UNGUARDED_AVAILABILITY = YES_AGGRESSIVE;
				CLANG_WARN_UNREACHABLE_CODE = YES;
				CLANG_WARN__DUPLICATE_METHOD_MATCH = YES;
				CODE_SIGN_IDENTITY = "-";
				COPY_PHASE_STRIP = NO;
				DEBUG_INFORMATION_FORMAT = "dwarf-with-dsym";
				ENABLE_NS_ASSERTIONS = NO;
				ENABLE_STRICT_OBJC_MSGSEND = YES;
				GCC_C_LANGUAGE_STANDARD = gnu11;
				GCC_NO_COMMON_BLOCKS = YES;
				GCC_WARN_64_TO_32_BIT_CONVERSION = YES;
				GCC_WARN_ABOUT_RETURN_TYPE = YES_ERROR;
				GCC_WARN_UNDECLARED_SELECTOR = YES;
				GCC_WARN_UNINITIALIZED_AUTOS = YES_AGGRESSIVE;
				GCC_WARN_UNUSED_FUNCTION = YES;
				GCC_WARN_UNUSED_VARIABLE = YES;
				MACOSX_DEPLOYMENT_TARGET = 10.13;
				MTL_ENABLE_DEBUG_INFO = NO;
				SDKROOT = macosx;
			};
			name = Release;
		};
		A5A365432084E70C00246646 /* Debug */ = {
			isa = XCBuildConfiguration;
			buildSettings = {
				CODE_SIGN_STYLE = Automatic;
				HEADER_SEARCH_PATHS = (
					"$(glew_header)",
					"$(glfw_header)",
				);
				LIBRARY_SEARCH_PATHS = (
					"$(glew_lib)",
					"$(glfw_lib)",
					"$(SDKROOT)/usr/lib/system",
				);
				PRODUCT_NAME = "$(TARGET_NAME)";
			};
			name = Debug;
		};
		A5A365442084E70C00246646 /* Release */ = {
			isa = XCBuildConfiguration;
			buildSettings = {
				CODE_SIGN_STYLE = Automatic;
				HEADER_SEARCH_PATHS = (
					"$(glew_header)",
					"$(glfw_header)",
				);
				LIBRARY_SEARCH_PATHS = (
					"$(glew_lib)",
					"$(glfw_lib)",
					"$(SDKROOT)/usr/lib/system",
				);
				PRODUCT_NAME = "$(TARGET_NAME)";
			};
			name = Release;
		};
/* End XCBuildConfiguration section */

/* Begin XCConfigurationList section */
		A5A365362084E70C00246646 /* Build configuration list for PBXProject "LearnOpenGL" */ = {
			isa = XCConfigurationList;
			buildConfigurations = (
				A5A365402084E70C00246646 /* Debug */,
				A5A365412084E70C00246646 /* Release */,
			);
			defaultConfigurationIsVisible = 0;
			defaultConfigurationName = Release;
		};
		A5A365422084E70C00246646 /* Build configuration list for PBXNativeTarget "LearnOpenGL" */ = {
			isa = XCConfigurationList;
			buildConfigurations = (
				A5A365432084E70C00246646 /* Debug */,
				A5A365442084E70C00246646 /* Release */,
			);
			defaultConfigurationIsVisible = 0;
			defaultConfigurationName = Release;
		};
/* End XCConfigurationList section */
	};
	rootObject = A5A365332084E70C00246646 /* Project object */;
}
