// !$*UTF8*$!
{
	archiveVersion = 1;
	classes = {
	};
	objectVersion = 50;
	objects = {

/* Begin PBXBuildFile section */
		A567FAEB21636406008A8B67 /* libGLEW.2.1.0.dylib in Frameworks */ = {isa = PBXBuildFile; fileRef = A567FAEA21636406008A8B67 /* libGLEW.2.1.0.dylib */; };
		A567FAED21636420008A8B67 /* libglfw.3.2.dylib in Frameworks */ = {isa = PBXBuildFile; fileRef = A567FAEC21636420008A8B67 /* libglfw.3.2.dylib */; };
		A567FAF7216489F2008A8B67 /* libassimp.4.1.0.dylib in Frameworks */ = {isa = PBXBuildFile; fileRef = A567FAF6216489F2008A8B67 /* libassimp.4.1.0.dylib */; };
		A5A3653F2084E70C00246646 /* main.cpp in Sources */ = {isa = PBXBuildFile; fileRef = A5A3653E2084E70C00246646 /* main.cpp */; };
		A5A365472084E86C00246646 /* OpenGL.framework in Frameworks */ = {isa = PBXBuildFile; fileRef = A5A365462084E86C00246646 /* OpenGL.framework */; };
		B72F0BA522264490009346E3 /* BlendingDiscard.cpp in Sources */ = {isa = PBXBuildFile; fileRef = B72F0BA322264490009346E3 /* BlendingDiscard.cpp */; };
		B733249721E6FF8E00894C0E /* NewLoadModel.cpp in Sources */ = {isa = PBXBuildFile; fileRef = B733249521E6FF8E00894C0E /* NewLoadModel.cpp */; };
		B733249C21E71F1200894C0E /* Mesh.cpp in Sources */ = {isa = PBXBuildFile; fileRef = B733249A21E71F1200894C0E /* Mesh.cpp */; };
		B74B204421D20B5600F1C234 /* glm in Frameworks */ = {isa = PBXBuildFile; fileRef = B74B204321D20B5600F1C234 /* glm */; };
		B74B204A21D2121400F1C234 /* glad.cpp in Sources */ = {isa = PBXBuildFile; fileRef = B74B204721D20EE200F1C234 /* glad.cpp */; };
		B74B204C21D2135B00F1C234 /* CameraManager.cpp in Sources */ = {isa = PBXBuildFile; fileRef = B74B1C4E21D1DD5500F1C234 /* CameraManager.cpp */; };
		B74B204E21D2136600F1C234 /* GActor.cpp in Sources */ = {isa = PBXBuildFile; fileRef = B74B1C6521D1DD5500F1C234 /* GActor.cpp */; };
		B74B205021D216B200F1C234 /* ShaderProgram.cpp in Sources */ = {isa = PBXBuildFile; fileRef = B74B1C5D21D1DD5500F1C234 /* ShaderProgram.cpp */; };
		B74B205421D216F200F1C234 /* FileHelper.cpp in Sources */ = {isa = PBXBuildFile; fileRef = B74B205221D216F200F1C234 /* FileHelper.cpp */; };
		B74B205521D2187900F1C234 /* material.cpp in Sources */ = {isa = PBXBuildFile; fileRef = B74B1C7D21D1DD5500F1C234 /* material.cpp */; };
		B74B205621D2313B00F1C234 /* lightmap.cpp in Sources */ = {isa = PBXBuildFile; fileRef = B74B1C7321D1DD5500F1C234 /* lightmap.cpp */; };
		B74B205721D2380A00F1C234 /* LoadModel.cpp in Sources */ = {isa = PBXBuildFile; fileRef = B74B1C6C21D1DD5500F1C234 /* LoadModel.cpp */; };
		B75F880C222E178C00E6E18C /* Blending.cpp in Sources */ = {isa = PBXBuildFile; fileRef = B75F880A222E178C00E6E18C /* Blending.cpp */; };
		B78E135A21E838F600D5E131 /* Model.cpp in Sources */ = {isa = PBXBuildFile; fileRef = B78E135821E838F600D5E131 /* Model.cpp */; };
		B7F5721221F6F023007DCF2D /* StencilTest.cpp in Sources */ = {isa = PBXBuildFile; fileRef = B7F5720B21F6F023007DCF2D /* StencilTest.cpp */; };
/* End PBXBuildFile section */

/* Begin PBXCopyFilesBuildPhase section */
		A5A365392084E70C00246646 /* CopyFiles */ = {
			isa = PBXCopyFilesBuildPhase;
			buildActionMask = 2147483647;
			dstPath = "";
			dstSubfolderSpec = 0;
			files = (
			);
			runOnlyForDeploymentPostprocessing = 1;
		};
/* End PBXCopyFilesBuildPhase section */

/* Begin PBXFileReference section */
		1164907A2110758500A11063 /* container2.png */ = {isa = PBXFileReference; lastKnownFileType = image.png; path = container2.png; sourceTree = "<group>"; };
		1164907B2110758D00A11063 /* container2_specular.png */ = {isa = PBXFileReference; lastKnownFileType = image.png; path = container2_specular.png; sourceTree = "<group>"; };
		11AE24EE20AA888A0060B7DB /* awesomeface.jpg */ = {isa = PBXFileReference; lastKnownFileType = image.jpeg; path = awesomeface.jpg; sourceTree = "<group>"; };
		A567FAEA21636406008A8B67 /* libGLEW.2.1.0.dylib */ = {isa = PBXFileReference; lastKnownFileType = "compiled.mach-o.dylib"; name = libGLEW.2.1.0.dylib; path = ../../../../../usr/local/Cellar/glew/2.1.0/lib/libGLEW.2.1.0.dylib; sourceTree = "<group>"; };
		A567FAEC21636420008A8B67 /* libglfw.3.2.dylib */ = {isa = PBXFileReference; lastKnownFileType = "compiled.mach-o.dylib"; name = libglfw.3.2.dylib; path = ../../../../../usr/local/Cellar/glfw/3.2.1/lib/libglfw.3.2.dylib; sourceTree = "<group>"; };
		A567FAF6216489F2008A8B67 /* libassimp.4.1.0.dylib */ = {isa = PBXFileReference; lastKnownFileType = "compiled.mach-o.dylib"; name = libassimp.4.1.0.dylib; path = ../../../../../usr/local/Cellar/assimp/4.1.0/lib/libassimp.4.1.0.dylib; sourceTree = "<group>"; };
		A567FAFB21648ABB008A8B67 /* hand_showroom_refl.png */ = {isa = PBXFileReference; lastKnownFileType = image.png; path = hand_showroom_refl.png; sourceTree = "<group>"; };
		A567FAFC21648ABB008A8B67 /* body_showroom_ddn.png */ = {isa = PBXFileReference; lastKnownFileType = image.png; path = body_showroom_ddn.png; sourceTree = "<group>"; };
		A567FAFD21648ABB008A8B67 /* helmet_showroom_ddn.png */ = {isa = PBXFileReference; lastKnownFileType = image.png; path = helmet_showroom_ddn.png; sourceTree = "<group>"; };
		A567FAFE21648ABB008A8B67 /* arm_showroom_ddn.png */ = {isa = PBXFileReference; lastKnownFileType = image.png; path = arm_showroom_ddn.png; sourceTree = "<group>"; };
		A567FAFF21648ABB008A8B67 /* arm_showroom_spec.png */ = {isa = PBXFileReference; lastKnownFileType = image.png; path = arm_showroom_spec.png; sourceTree = "<group>"; };
		A567FB0021648ABB008A8B67 /* leg_dif.png */ = {isa = PBXFileReference; lastKnownFileType = image.png; path = leg_dif.png; sourceTree = "<group>"; };
		A567FB0121648ABB008A8B67 /* arm_showroom_refl.png */ = {isa = PBXFileReference; lastKnownFileType = image.png; path = arm_showroom_refl.png; sourceTree = "<group>"; };
		A567FB0221648ABB008A8B67 /* cell_body_alpha.png */ = {isa = PBXFileReference; lastKnownFileType = image.png; path = cell_body_alpha.png; sourceTree = "<group>"; };
		A567FB0321648ABB008A8B67 /* hand_showroom_spec.png */ = {isa = PBXFileReference; lastKnownFileType = image.png; path = hand_showroom_spec.png; sourceTree = "<group>"; };
		A567FB0421648ABB008A8B67 /* glass_ddn.png */ = {isa = PBXFileReference; lastKnownFileType = image.png; path = glass_ddn.png; sourceTree = "<group>"; };
		A567FB0521648ABB008A8B67 /* glass_refl.png */ = {isa = PBXFileReference; lastKnownFileType = image.png; path = glass_refl.png; sourceTree = "<group>"; };
		A567FB0621648ABB008A8B67 /* cell_hand_alpha.png */ = {isa = PBXFileReference; lastKnownFileType = image.png; path = cell_hand_alpha.png; sourceTree = "<group>"; };
		A567FB0721648ABB008A8B67 /* nanosuit.mtl */ = {isa = PBXFileReference; fileEncoding = 4; lastKnownFileType = text; path = nanosuit.mtl; sourceTree = "<group>"; };
		A567FB0821648ABB008A8B67 /* body_dif.png */ = {isa = PBXFileReference; lastKnownFileType = image.png; path = body_dif.png; sourceTree = "<group>"; };
		A567FB0921648ABB008A8B67 /* hand_showroom_ddn.png */ = {isa = PBXFileReference; lastKnownFileType = image.png; path = hand_showroom_ddn.png; sourceTree = "<group>"; };
		A567FB0A21648ABB008A8B67 /* body_showroom_refl.png */ = {isa = PBXFileReference; lastKnownFileType = image.png; path = body_showroom_refl.png; sourceTree = "<group>"; };
		A567FB0B21648ABB008A8B67 /* glass_dif.png */ = {isa = PBXFileReference; lastKnownFileType = image.png; path = glass_dif.png; sourceTree = "<group>"; };
		A567FB0C21648ABB008A8B67 /* arm_dif.png */ = {isa = PBXFileReference; lastKnownFileType = image.png; path = arm_dif.png; sourceTree = "<group>"; };
		A567FB0D21648ABB008A8B67 /* cell_leg_alpha.png */ = {isa = PBXFileReference; lastKnownFileType = image.png; path = cell_leg_alpha.png; sourceTree = "<group>"; };
		A567FB0E21648ABB008A8B67 /* helmet_diff.png */ = {isa = PBXFileReference; lastKnownFileType = image.png; path = helmet_diff.png; sourceTree = "<group>"; };
		A567FB0F21648ABB008A8B67 /* nanosuit.obj */ = {isa = PBXFileReference; fileEncoding = 4; lastKnownFileType = text; path = nanosuit.obj; sourceTree = "<group>"; };
		A567FB1021648ABB008A8B67 /* leg_showroom_refl.png */ = {isa = PBXFileReference; lastKnownFileType = image.png; path = leg_showroom_refl.png; sourceTree = "<group>"; };
		A567FB1121648ABB008A8B67 /* cell_helmet_alpha.png */ = {isa = PBXFileReference; lastKnownFileType = image.png; path = cell_helmet_alpha.png; sourceTree = "<group>"; };
		A567FB1221648ABB008A8B67 /* leg_showroom_ddn.png */ = {isa = PBXFileReference; lastKnownFileType = image.png; path = leg_showroom_ddn.png; sourceTree = "<group>"; };
		A567FB1321648ABB008A8B67 /* helmet_showroom_refl.png */ = {isa = PBXFileReference; lastKnownFileType = image.png; path = helmet_showroom_refl.png; sourceTree = "<group>"; };
		A567FB1421648ABB008A8B67 /* cell_arm_alpha.png */ = {isa = PBXFileReference; lastKnownFileType = image.png; path = cell_arm_alpha.png; sourceTree = "<group>"; };
		A567FB1521648ABB008A8B67 /* helmet_showroom_spec.png */ = {isa = PBXFileReference; lastKnownFileType = image.png; path = helmet_showroom_spec.png; sourceTree = "<group>"; };
		A567FB1621648ABB008A8B67 /* leg_showroom_spec.png */ = {isa = PBXFileReference; lastKnownFileType = image.png; path = leg_showroom_spec.png; sourceTree = "<group>"; };
		A567FB1721648ABB008A8B67 /* cell_ddn.png */ = {isa = PBXFileReference; lastKnownFileType = image.png; path = cell_ddn.png; sourceTree = "<group>"; };
		A567FB1821648ABB008A8B67 /* body_showroom_spec.png */ = {isa = PBXFileReference; lastKnownFileType = image.png; path = body_showroom_spec.png; sourceTree = "<group>"; };
		A567FB1921648ABB008A8B67 /* back.jpg */ = {isa = PBXFileReference; lastKnownFileType = image.jpeg; path = back.jpg; sourceTree = "<group>"; };
		A567FB1A21648ABB008A8B67 /* front.jpg */ = {isa = PBXFileReference; lastKnownFileType = image.jpeg; path = front.jpg; sourceTree = "<group>"; };
		A567FB1B21648ABB008A8B67 /* hand_dif.png */ = {isa = PBXFileReference; lastKnownFileType = image.png; path = hand_dif.png; sourceTree = "<group>"; };
		A57BB41C20A9C94E0040AEBC /* container.jpg */ = {isa = PBXFileReference; lastKnownFileType = image.jpeg; path = container.jpg; sourceTree = "<group>"; };
		A57BB41D20A9C94E0040AEBC /* wall.jpg */ = {isa = PBXFileReference; lastKnownFileType = image.jpeg; path = wall.jpg; sourceTree = "<group>"; };
		A5A3653B2084E70C00246646 /* LearnOpenGL */ = {isa = PBXFileReference; explicitFileType = "compiled.mach-o.executable"; includeInIndex = 0; path = LearnOpenGL; sourceTree = BUILT_PRODUCTS_DIR; };
		A5A3653E2084E70C00246646 /* main.cpp */ = {isa = PBXFileReference; lastKnownFileType = sourcecode.cpp.cpp; path = main.cpp; sourceTree = "<group>"; };
		A5A365462084E86C00246646 /* OpenGL.framework */ = {isa = PBXFileReference; lastKnownFileType = wrapper.framework; name = OpenGL.framework; path = System/Library/Frameworks/OpenGL.framework; sourceTree = SDKROOT; };
		B72F0BA322264490009346E3 /* BlendingDiscard.cpp */ = {isa = PBXFileReference; fileEncoding = 4; lastKnownFileType = sourcecode.cpp.cpp; path = BlendingDiscard.cpp; sourceTree = "<group>"; };
		B72F0BA422264490009346E3 /* BlendingDiscard.hpp */ = {isa = PBXFileReference; fileEncoding = 4; lastKnownFileType = sourcecode.cpp.h; path = BlendingDiscard.hpp; sourceTree = "<group>"; };
		B72F0BA622267B16009346E3 /* mvs.strings */ = {isa = PBXFileReference; fileEncoding = 4; lastKnownFileType = text.plist.strings; path = mvs.strings; sourceTree = "<group>"; };
		B72F0BA722267B16009346E3 /* mfs.strings */ = {isa = PBXFileReference; fileEncoding = 4; lastKnownFileType = text.plist.strings; path = mfs.strings; sourceTree = "<group>"; };
		B733249521E6FF8E00894C0E /* NewLoadModel.cpp */ = {isa = PBXFileReference; lastKnownFileType = sourcecode.cpp.cpp; path = NewLoadModel.cpp; sourceTree = "<group>"; };
		B733249621E6FF8E00894C0E /* NewLoadModel.hpp */ = {isa = PBXFileReference; lastKnownFileType = sourcecode.cpp.h; path = NewLoadModel.hpp; sourceTree = "<group>"; };
		B733249821E71DA500894C0E /* model_vs.strings */ = {isa = PBXFileReference; fileEncoding = 4; lastKnownFileType = text.plist.strings; path = model_vs.strings; sourceTree = "<group>"; };
		B733249921E71DA600894C0E /* model_fs.strings */ = {isa = PBXFileReference; fileEncoding = 4; lastKnownFileType = text.plist.strings; path = model_fs.strings; sourceTree = "<group>"; };
		B733249A21E71F1200894C0E /* Mesh.cpp */ = {isa = PBXFileReference; lastKnownFileType = sourcecode.cpp.cpp; path = Mesh.cpp; sourceTree = "<group>"; };
		B733249B21E71F1200894C0E /* Mesh.hpp */ = {isa = PBXFileReference; lastKnownFileType = sourcecode.cpp.h; path = Mesh.hpp; sourceTree = "<group>"; };
		B74B1C4521D1DD5500F1C234 /* IObjectInterface.h */ = {isa = PBXFileReference; lastKnownFileType = sourcecode.c.h; path = IObjectInterface.h; sourceTree = "<group>"; };
		B74B1C4E21D1DD5500F1C234 /* CameraManager.cpp */ = {isa = PBXFileReference; lastKnownFileType = sourcecode.cpp.cpp; path = CameraManager.cpp; sourceTree = "<group>"; };
		B74B1C4F21D1DD5500F1C234 /* Camera.cpp */ = {isa = PBXFileReference; lastKnownFileType = sourcecode.cpp.cpp; path = Camera.cpp; sourceTree = "<group>"; };
		B74B1C5021D1DD5500F1C234 /* Camera.h */ = {isa = PBXFileReference; lastKnownFileType = sourcecode.c.h; path = Camera.h; sourceTree = "<group>"; };
		B74B1C5121D1DD5500F1C234 /* CameraManager.h */ = {isa = PBXFileReference; lastKnownFileType = sourcecode.c.h; path = CameraManager.h; sourceTree = "<group>"; };
		B74B1C5321D1DD5500F1C234 /* GameObject.h */ = {isa = PBXFileReference; lastKnownFileType = sourcecode.c.h; path = GameObject.h; sourceTree = "<group>"; };
		B74B1C5421D1DD5500F1C234 /* BaseObject.h */ = {isa = PBXFileReference; lastKnownFileType = sourcecode.c.h; path = BaseObject.h; sourceTree = "<group>"; };
		B74B1C5521D1DD5500F1C234 /* GameObject.cpp */ = {isa = PBXFileReference; lastKnownFileType = sourcecode.cpp.cpp; path = GameObject.cpp; sourceTree = "<group>"; };
		B74B1C5621D1DD5500F1C234 /* BaseObject.cpp */ = {isa = PBXFileReference; lastKnownFileType = sourcecode.cpp.cpp; path = BaseObject.cpp; sourceTree = "<group>"; };
		B74B1C5821D1DD5500F1C234 /* ObjectManager.cpp */ = {isa = PBXFileReference; lastKnownFileType = sourcecode.cpp.cpp; path = ObjectManager.cpp; sourceTree = "<group>"; };
		B74B1C5921D1DD5500F1C234 /* ObjectManager.h */ = {isa = PBXFileReference; lastKnownFileType = sourcecode.c.h; path = ObjectManager.h; sourceTree = "<group>"; };
		B74B1C5A21D1DD5500F1C234 /* TemplateManager.h */ = {isa = PBXFileReference; lastKnownFileType = sourcecode.c.h; path = TemplateManager.h; sourceTree = "<group>"; };
		B74B1C5C21D1DD5500F1C234 /* ShaderProgram.h */ = {isa = PBXFileReference; lastKnownFileType = sourcecode.c.h; path = ShaderProgram.h; sourceTree = "<group>"; };
		B74B1C5D21D1DD5500F1C234 /* ShaderProgram.cpp */ = {isa = PBXFileReference; lastKnownFileType = sourcecode.cpp.cpp; path = ShaderProgram.cpp; sourceTree = "<group>"; };
		B74B1C5F21D1DD5500F1C234 /* GameHeader.h */ = {isa = PBXFileReference; lastKnownFileType = sourcecode.c.h; path = GameHeader.h; sourceTree = "<group>"; };
		B74B1C6121D1DD5500F1C234 /* GActor.h */ = {isa = PBXFileReference; lastKnownFileType = sourcecode.c.h; path = GActor.h; sourceTree = "<group>"; };
		B74B1C6221D1DD5500F1C234 /* mesh.h */ = {isa = PBXFileReference; lastKnownFileType = sourcecode.c.h; path = mesh.h; sourceTree = "<group>"; };
		B74B1C6321D1DD5500F1C234 /* model.h */ = {isa = PBXFileReference; lastKnownFileType = sourcecode.c.h; path = model.h; sourceTree = "<group>"; };
		B74B1C6521D1DD5500F1C234 /* GActor.cpp */ = {isa = PBXFileReference; lastKnownFileType = sourcecode.cpp.cpp; path = GActor.cpp; sourceTree = "<group>"; };
		B74B1C6721D1DD5500F1C234 /* LightFrag.strings */ = {isa = PBXFileReference; lastKnownFileType = text.plist.strings; path = LightFrag.strings; sourceTree = "<group>"; };
		B74B1C6821D1DD5500F1C234 /* LightVertex.strings */ = {isa = PBXFileReference; lastKnownFileType = text.plist.strings; path = LightVertex.strings; sourceTree = "<group>"; };
		B74B1C6921D1DD5500F1C234 /* VertexShader.strings */ = {isa = PBXFileReference; lastKnownFileType = text.plist.strings; path = VertexShader.strings; sourceTree = "<group>"; };
		B74B1C6B21D1DD5500F1C234 /* model_fs.strings */ = {isa = PBXFileReference; lastKnownFileType = text.plist.strings; path = model_fs.strings; sourceTree = "<group>"; };
		B74B1C6C21D1DD5500F1C234 /* LoadModel.cpp */ = {isa = PBXFileReference; lastKnownFileType = sourcecode.cpp.cpp; path = LoadModel.cpp; sourceTree = "<group>"; };
		B74B1C6D21D1DD5500F1C234 /* model_vs.strings */ = {isa = PBXFileReference; lastKnownFileType = text.plist.strings; path = model_vs.strings; sourceTree = "<group>"; };
		B74B1C6E21D1DD5500F1C234 /* LoadModel.h */ = {isa = PBXFileReference; lastKnownFileType = sourcecode.c.h; path = LoadModel.h; sourceTree = "<group>"; };
		B74B1C7021D1DD5500F1C234 /* mfs.strings */ = {isa = PBXFileReference; lastKnownFileType = text.plist.strings; path = mfs.strings; sourceTree = "<group>"; };
		B74B1C7121D1DD5500F1C234 /* lfs.strings */ = {isa = PBXFileReference; lastKnownFileType = text.plist.strings; path = lfs.strings; sourceTree = "<group>"; };
		B74B1C7221D1DD5500F1C234 /* lightmap.h */ = {isa = PBXFileReference; lastKnownFileType = sourcecode.c.h; path = lightmap.h; sourceTree = "<group>"; };
		B74B1C7321D1DD5500F1C234 /* lightmap.cpp */ = {isa = PBXFileReference; lastKnownFileType = sourcecode.cpp.cpp; path = lightmap.cpp; sourceTree = "<group>"; };
		B74B1C7421D1DD5500F1C234 /* lvs.strings */ = {isa = PBXFileReference; lastKnownFileType = text.plist.strings; path = lvs.strings; sourceTree = "<group>"; };
		B74B1C7521D1DD5500F1C234 /* mvs.strings */ = {isa = PBXFileReference; lastKnownFileType = text.plist.strings; path = mvs.strings; sourceTree = "<group>"; };
		B74B1C7621D1DD5500F1C234 /* FragmentShader.strings */ = {isa = PBXFileReference; lastKnownFileType = text.plist.strings; path = FragmentShader.strings; sourceTree = "<group>"; };
		B74B1C7721D1DD5500F1C234 /* LightingObjectVertex.strings */ = {isa = PBXFileReference; lastKnownFileType = text.plist.strings; path = LightingObjectVertex.strings; sourceTree = "<group>"; };
		B74B1C7921D1DD5500F1C234 /* mfs.strings */ = {isa = PBXFileReference; lastKnownFileType = text.plist.strings; path = mfs.strings; sourceTree = "<group>"; };
		B74B1C7A21D1DD5500F1C234 /* material.h */ = {isa = PBXFileReference; lastKnownFileType = sourcecode.c.h; path = material.h; sourceTree = "<group>"; };
		B74B1C7B21D1DD5500F1C234 /* lfs.strings */ = {isa = PBXFileReference; lastKnownFileType = text.plist.strings; path = lfs.strings; sourceTree = "<group>"; };
		B74B1C7C21D1DD5500F1C234 /* lvs.strings */ = {isa = PBXFileReference; lastKnownFileType = text.plist.strings; path = lvs.strings; sourceTree = "<group>"; };
		B74B1C7D21D1DD5500F1C234 /* material.cpp */ = {isa = PBXFileReference; lastKnownFileType = sourcecode.cpp.cpp; path = material.cpp; sourceTree = "<group>"; };
		B74B1C7E21D1DD5500F1C234 /* mvs.strings */ = {isa = PBXFileReference; lastKnownFileType = text.plist.strings; path = mvs.strings; sourceTree = "<group>"; };
		B74B1C7F21D1DD5500F1C234 /* LightingObjectFrag.strings */ = {isa = PBXFileReference; lastKnownFileType = text.plist.strings; path = LightingObjectFrag.strings; sourceTree = "<group>"; };
		B74B204221D20AF500F1C234 /* ImageTool */ = {isa = PBXFileReference; lastKnownFileType = folder; path = ImageTool; sourceTree = "<group>"; };
		B74B204321D20B5600F1C234 /* glm */ = {isa = PBXFileReference; lastKnownFileType = folder; name = glm; path = LearnOpenGL/glm; sourceTree = "<group>"; };
		B74B204621D20EE200F1C234 /* glad.h */ = {isa = PBXFileReference; lastKnownFileType = sourcecode.c.h; path = glad.h; sourceTree = "<group>"; };
		B74B204721D20EE200F1C234 /* glad.cpp */ = {isa = PBXFileReference; lastKnownFileType = sourcecode.cpp.cpp; path = glad.cpp; sourceTree = "<group>"; };
		B74B204821D20EE200F1C234 /* khrplatform.h */ = {isa = PBXFileReference; lastKnownFileType = sourcecode.c.h; path = khrplatform.h; sourceTree = "<group>"; };
		B74B205221D216F200F1C234 /* FileHelper.cpp */ = {isa = PBXFileReference; fileEncoding = 4; lastKnownFileType = sourcecode.cpp.cpp; path = FileHelper.cpp; sourceTree = "<group>"; };
		B74B205321D216F200F1C234 /* FileHelper.h */ = {isa = PBXFileReference; fileEncoding = 4; lastKnownFileType = sourcecode.c.h; path = FileHelper.h; sourceTree = "<group>"; };
		B75F8808222E178C00E6E18C /* mfs.strings */ = {isa = PBXFileReference; fileEncoding = 4; lastKnownFileType = text.plist.strings; path = mfs.strings; sourceTree = "<group>"; };
		B75F8809222E178C00E6E18C /* Blending.hpp */ = {isa = PBXFileReference; fileEncoding = 4; lastKnownFileType = sourcecode.cpp.h; path = Blending.hpp; sourceTree = "<group>"; };
		B75F880A222E178C00E6E18C /* Blending.cpp */ = {isa = PBXFileReference; fileEncoding = 4; lastKnownFileType = sourcecode.cpp.cpp; path = Blending.cpp; sourceTree = "<group>"; };
		B75F880B222E178C00E6E18C /* mvs.strings */ = {isa = PBXFileReference; fileEncoding = 4; lastKnownFileType = text.plist.strings; path = mvs.strings; sourceTree = "<group>"; };
		B78E135821E838F600D5E131 /* Model.cpp */ = {isa = PBXFileReference; lastKnownFileType = sourcecode.cpp.cpp; path = Model.cpp; sourceTree = "<group>"; };
		B78E135921E838F600D5E131 /* Model.hpp */ = {isa = PBXFileReference; lastKnownFileType = sourcecode.cpp.h; path = Model.hpp; sourceTree = "<group>"; };
		B7F5720B21F6F023007DCF2D /* StencilTest.cpp */ = {isa = PBXFileReference; fileEncoding = 4; lastKnownFileType = sourcecode.cpp.cpp; path = StencilTest.cpp; sourceTree = "<group>"; };
		B7F5720C21F6F023007DCF2D /* StencilTest.hpp */ = {isa = PBXFileReference; fileEncoding = 4; lastKnownFileType = sourcecode.cpp.h; path = StencilTest.hpp; sourceTree = "<group>"; };
		B7F5721521F6F2EC007DCF2D /* stencil_single_color.fs */ = {isa = PBXFileReference; fileEncoding = 4; lastKnownFileType = sourcecode.glsl; path = stencil_single_color.fs; sourceTree = "<group>"; };
/* End PBXFileReference section */

/* Begin PBXFrameworksBuildPhase section */
		A5A365382084E70C00246646 /* Frameworks */ = {
			isa = PBXFrameworksBuildPhase;
			buildActionMask = 2147483647;
			files = (
				B74B204421D20B5600F1C234 /* glm in Frameworks */,
				A567FAF7216489F2008A8B67 /* libassimp.4.1.0.dylib in Frameworks */,
				A567FAED21636420008A8B67 /* libglfw.3.2.dylib in Frameworks */,
				A567FAEB21636406008A8B67 /* libGLEW.2.1.0.dylib in Frameworks */,
				A5A365472084E86C00246646 /* OpenGL.framework in Frameworks */,
			);
			runOnlyForDeploymentPostprocessing = 0;
		};
/* End PBXFrameworksBuildPhase section */

/* Begin PBXGroup section */
		A567FAFA21648ABB008A8B67 /* nanosuit */ = {
			isa = PBXGroup;
			children = (
				A567FAFB21648ABB008A8B67 /* hand_showroom_refl.png */,
				A567FAFC21648ABB008A8B67 /* body_showroom_ddn.png */,
				A567FAFD21648ABB008A8B67 /* helmet_showroom_ddn.png */,
				A567FAFE21648ABB008A8B67 /* arm_showroom_ddn.png */,
				A567FAFF21648ABB008A8B67 /* arm_showroom_spec.png */,
				A567FB0021648ABB008A8B67 /* leg_dif.png */,
				A567FB0121648ABB008A8B67 /* arm_showroom_refl.png */,
				A567FB0221648ABB008A8B67 /* cell_body_alpha.png */,
				A567FB0321648ABB008A8B67 /* hand_showroom_spec.png */,
				A567FB0421648ABB008A8B67 /* glass_ddn.png */,
				A567FB0521648ABB008A8B67 /* glass_refl.png */,
				A567FB0621648ABB008A8B67 /* cell_hand_alpha.png */,
				A567FB0721648ABB008A8B67 /* nanosuit.mtl */,
				A567FB0821648ABB008A8B67 /* body_dif.png */,
				A567FB0921648ABB008A8B67 /* hand_showroom_ddn.png */,
				A567FB0A21648ABB008A8B67 /* body_showroom_refl.png */,
				A567FB0B21648ABB008A8B67 /* glass_dif.png */,
				A567FB0C21648ABB008A8B67 /* arm_dif.png */,
				A567FB0D21648ABB008A8B67 /* cell_leg_alpha.png */,
				A567FB0E21648ABB008A8B67 /* helmet_diff.png */,
				A567FB0F21648ABB008A8B67 /* nanosuit.obj */,
				A567FB1021648ABB008A8B67 /* leg_showroom_refl.png */,
				A567FB1121648ABB008A8B67 /* cell_helmet_alpha.png */,
				A567FB1221648ABB008A8B67 /* leg_showroom_ddn.png */,
				A567FB1321648ABB008A8B67 /* helmet_showroom_refl.png */,
				A567FB1421648ABB008A8B67 /* cell_arm_alpha.png */,
				A567FB1521648ABB008A8B67 /* helmet_showroom_spec.png */,
				A567FB1621648ABB008A8B67 /* leg_showroom_spec.png */,
				A567FB1721648ABB008A8B67 /* cell_ddn.png */,
				A567FB1821648ABB008A8B67 /* body_showroom_spec.png */,
				A567FB1921648ABB008A8B67 /* back.jpg */,
				A567FB1A21648ABB008A8B67 /* front.jpg */,
				A567FB1B21648ABB008A8B67 /* hand_dif.png */,
			);
			path = nanosuit;
			sourceTree = "<group>";
		};
		A57BB41920A9C8E60040AEBC /* Resource */ = {
			isa = PBXGroup;
			children = (
				A567FAFA21648ABB008A8B67 /* nanosuit */,
				A57BB41A20A9C9110040AEBC /* Image */,
			);
			path = Resource;
			sourceTree = "<group>";
		};
		A57BB41A20A9C9110040AEBC /* Image */ = {
			isa = PBXGroup;
			children = (
				11AE24EE20AA888A0060B7DB /* awesomeface.jpg */,
				A57BB41C20A9C94E0040AEBC /* container.jpg */,
				A57BB41D20A9C94E0040AEBC /* wall.jpg */,
				1164907A2110758500A11063 /* container2.png */,
				1164907B2110758D00A11063 /* container2_specular.png */,
			);
			path = Image;
			sourceTree = "<group>";
		};
		A5A365322084E70C00246646 = {
			isa = PBXGroup;
			children = (
				A5A3653D2084E70C00246646 /* LearnOpenGL */,
				A5A3653C2084E70C00246646 /* Products */,
				A5A365452084E86C00246646 /* Frameworks */,
			);
			sourceTree = "<group>";
		};
		A5A3653C2084E70C00246646 /* Products */ = {
			isa = PBXGroup;
			children = (
				A5A3653B2084E70C00246646 /* LearnOpenGL */,
			);
			name = Products;
			sourceTree = "<group>";
		};
		A5A3653D2084E70C00246646 /* LearnOpenGL */ = {
			isa = PBXGroup;
			children = (
				B74B204521D20EE200F1C234 /* Glad */,
				B74B204221D20AF500F1C234 /* ImageTool */,
				B74B1C4321D1DD5500F1C234 /* GameFrame */,
				B74B1C6621D1DD5500F1C234 /* Shaders */,
				A57BB41920A9C8E60040AEBC /* Resource */,
				A5A3653E2084E70C00246646 /* main.cpp */,
			);
			path = LearnOpenGL;
			sourceTree = "<group>";
		};
		A5A365452084E86C00246646 /* Frameworks */ = {
			isa = PBXGroup;
			children = (
				B74B204321D20B5600F1C234 /* glm */,
				A567FAF6216489F2008A8B67 /* libassimp.4.1.0.dylib */,
				A567FAEC21636420008A8B67 /* libglfw.3.2.dylib */,
				A567FAEA21636406008A8B67 /* libGLEW.2.1.0.dylib */,
				A5A365462084E86C00246646 /* OpenGL.framework */,
			);
			name = Frameworks;
			sourceTree = "<group>";
		};
		B72F0BA22226443F009346E3 /* BlendingDiscard */ = {
			isa = PBXGroup;
			children = (
				B72F0BA722267B16009346E3 /* mfs.strings */,
				B72F0BA622267B16009346E3 /* mvs.strings */,
				B72F0BA322264490009346E3 /* BlendingDiscard.cpp */,
				B72F0BA422264490009346E3 /* BlendingDiscard.hpp */,
			);
			path = BlendingDiscard;
			sourceTree = "<group>";
		};
		B733249421E6FF0100894C0E /* LoadModel2.0 */ = {
			isa = PBXGroup;
			children = (
				B733249921E71DA600894C0E /* model_fs.strings */,
				B733249821E71DA500894C0E /* model_vs.strings */,
				B733249521E6FF8E00894C0E /* NewLoadModel.cpp */,
				B733249621E6FF8E00894C0E /* NewLoadModel.hpp */,
				B733249A21E71F1200894C0E /* Mesh.cpp */,
				B733249B21E71F1200894C0E /* Mesh.hpp */,
				B78E135821E838F600D5E131 /* Model.cpp */,
				B78E135921E838F600D5E131 /* Model.hpp */,
			);
			path = LoadModel2.0;
			sourceTree = "<group>";
		};
		B74B1C4321D1DD5500F1C234 /* GameFrame */ = {
			isa = PBXGroup;
			children = (
				B74B205121D216F200F1C234 /* Tools */,
				B74B1C4421D1DD5500F1C234 /* Interface */,
				B74B1C4D21D1DD5500F1C234 /* Camera */,
				B74B1C5221D1DD5500F1C234 /* BaseObject */,
				B74B1C5721D1DD5500F1C234 /* Managers */,
				B74B1C5B21D1DD5500F1C234 /* Render */,
				B74B1C5E21D1DD5500F1C234 /* IncludeHeader */,
				B74B1C6021D1DD5500F1C234 /* Actor */,
			);
			path = GameFrame;
			sourceTree = "<group>";
		};
		B74B1C4421D1DD5500F1C234 /* Interface */ = {
			isa = PBXGroup;
			children = (
				B74B1C4521D1DD5500F1C234 /* IObjectInterface.h */,
			);
			path = Interface;
			sourceTree = "<group>";
		};
		B74B1C4D21D1DD5500F1C234 /* Camera */ = {
			isa = PBXGroup;
			children = (
				B74B1C4E21D1DD5500F1C234 /* CameraManager.cpp */,
				B74B1C4F21D1DD5500F1C234 /* Camera.cpp */,
				B74B1C5021D1DD5500F1C234 /* Camera.h */,
				B74B1C5121D1DD5500F1C234 /* CameraManager.h */,
			);
			path = Camera;
			sourceTree = "<group>";
		};
		B74B1C5221D1DD5500F1C234 /* BaseObject */ = {
			isa = PBXGroup;
			children = (
				B74B1C5321D1DD5500F1C234 /* GameObject.h */,
				B74B1C5421D1DD5500F1C234 /* BaseObject.h */,
				B74B1C5521D1DD5500F1C234 /* GameObject.cpp */,
				B74B1C5621D1DD5500F1C234 /* BaseObject.cpp */,
			);
			path = BaseObject;
			sourceTree = "<group>";
		};
		B74B1C5721D1DD5500F1C234 /* Managers */ = {
			isa = PBXGroup;
			children = (
				B74B1C5821D1DD5500F1C234 /* ObjectManager.cpp */,
				B74B1C5921D1DD5500F1C234 /* ObjectManager.h */,
				B74B1C5A21D1DD5500F1C234 /* TemplateManager.h */,
			);
			path = Managers;
			sourceTree = "<group>";
		};
		B74B1C5B21D1DD5500F1C234 /* Render */ = {
			isa = PBXGroup;
			children = (
				B74B1C5C21D1DD5500F1C234 /* ShaderProgram.h */,
				B74B1C5D21D1DD5500F1C234 /* ShaderProgram.cpp */,
			);
			path = Render;
			sourceTree = "<group>";
		};
		B74B1C5E21D1DD5500F1C234 /* IncludeHeader */ = {
			isa = PBXGroup;
			children = (
				B74B1C5F21D1DD5500F1C234 /* GameHeader.h */,
			);
			path = IncludeHeader;
			sourceTree = "<group>";
		};
		B74B1C6021D1DD5500F1C234 /* Actor */ = {
			isa = PBXGroup;
			children = (
				B74B1C6121D1DD5500F1C234 /* GActor.h */,
				B74B1C6221D1DD5500F1C234 /* mesh.h */,
				B74B1C6321D1DD5500F1C234 /* model.h */,
				B74B1C6521D1DD5500F1C234 /* GActor.cpp */,
			);
			path = Actor;
			sourceTree = "<group>";
		};
		B74B1C6621D1DD5500F1C234 /* Shaders */ = {
			isa = PBXGroup;
			children = (
				B75F8807222E178C00E6E18C /* Blending */,
				B72F0BA22226443F009346E3 /* BlendingDiscard */,
				B7F571FE21F6EFD5007DCF2D /* StencilTest */,
				B733249421E6FF0100894C0E /* LoadModel2.0 */,
				B74B1C6721D1DD5500F1C234 /* LightFrag.strings */,
				B74B1C6821D1DD5500F1C234 /* LightVertex.strings */,
				B74B1C6921D1DD5500F1C234 /* VertexShader.strings */,
				B74B1C6A21D1DD5500F1C234 /* loadmodel */,
				B74B1C6F21D1DD5500F1C234 /* lightmap */,
				B74B1C7621D1DD5500F1C234 /* FragmentShader.strings */,
				B74B1C7721D1DD5500F1C234 /* LightingObjectVertex.strings */,
				B74B1C7821D1DD5500F1C234 /* material */,
				B74B1C7F21D1DD5500F1C234 /* LightingObjectFrag.strings */,
			);
			path = Shaders;
			sourceTree = "<group>";
		};
		B74B1C6A21D1DD5500F1C234 /* loadmodel */ = {
			isa = PBXGroup;
			children = (
				B74B1C6B21D1DD5500F1C234 /* model_fs.strings */,
				B74B1C6C21D1DD5500F1C234 /* LoadModel.cpp */,
				B74B1C6D21D1DD5500F1C234 /* model_vs.strings */,
				B74B1C6E21D1DD5500F1C234 /* LoadModel.h */,
			);
			path = loadmodel;
			sourceTree = "<group>";
		};
		B74B1C6F21D1DD5500F1C234 /* lightmap */ = {
			isa = PBXGroup;
			children = (
				B74B1C7021D1DD5500F1C234 /* mfs.strings */,
				B74B1C7121D1DD5500F1C234 /* lfs.strings */,
				B74B1C7221D1DD5500F1C234 /* lightmap.h */,
				B74B1C7321D1DD5500F1C234 /* lightmap.cpp */,
				B74B1C7421D1DD5500F1C234 /* lvs.strings */,
				B74B1C7521D1DD5500F1C234 /* mvs.strings */,
			);
			path = lightmap;
			sourceTree = "<group>";
		};
		B74B1C7821D1DD5500F1C234 /* material */ = {
			isa = PBXGroup;
			children = (
				B74B1C7921D1DD5500F1C234 /* mfs.strings */,
				B74B1C7A21D1DD5500F1C234 /* material.h */,
				B74B1C7B21D1DD5500F1C234 /* lfs.strings */,
				B74B1C7C21D1DD5500F1C234 /* lvs.strings */,
				B74B1C7D21D1DD5500F1C234 /* material.cpp */,
				B74B1C7E21D1DD5500F1C234 /* mvs.strings */,
			);
			path = material;
			sourceTree = "<group>";
		};
		B74B204521D20EE200F1C234 /* Glad */ = {
			isa = PBXGroup;
			children = (
				B74B204621D20EE200F1C234 /* glad.h */,
				B74B204721D20EE200F1C234 /* glad.cpp */,
				B74B204821D20EE200F1C234 /* khrplatform.h */,
			);
			path = Glad;
			sourceTree = "<group>";
		};
		B74B205121D216F200F1C234 /* Tools */ = {
			isa = PBXGroup;
			children = (
				B74B205221D216F200F1C234 /* FileHelper.cpp */,
				B74B205321D216F200F1C234 /* FileHelper.h */,
			);
			path = Tools;
			sourceTree = "<group>";
		};
		B75F8807222E178C00E6E18C /* Blending */ = {
			isa = PBXGroup;
			children = (
				B75F8808222E178C00E6E18C /* mfs.strings */,
				B75F8809222E178C00E6E18C /* Blending.hpp */,
				B75F880A222E178C00E6E18C /* Blending.cpp */,
				B75F880B222E178C00E6E18C /* mvs.strings */,
			);
			path = Blending;
			sourceTree = "<group>";
		};
		B7F571FE21F6EFD5007DCF2D /* StencilTest */ = {
			isa = PBXGroup;
			children = (
				B7F5721521F6F2EC007DCF2D /* stencil_single_color.fs */,
				B7F5720B21F6F023007DCF2D /* StencilTest.cpp */,
				B7F5720C21F6F023007DCF2D /* StencilTest.hpp */,
			);
			path = StencilTest;
			sourceTree = "<group>";
		};
/* End PBXGroup section */

/* Begin PBXNativeTarget section */
		A5A3653A2084E70C00246646 /* LearnOpenGL */ = {
			isa = PBXNativeTarget;
			buildConfigurationList = A5A365422084E70C00246646 /* Build configuration list for PBXNativeTarget "LearnOpenGL" */;
			buildPhases = (
				A5A365372084E70C00246646 /* Sources */,
				A5A365382084E70C00246646 /* Frameworks */,
				A5A365392084E70C00246646 /* CopyFiles */,
			);
			buildRules = (
			);
			dependencies = (
			);
			name = LearnOpenGL;
			productName = LearnOpenGL;
			productReference = A5A3653B2084E70C00246646 /* LearnOpenGL */;
			productType = "com.apple.product-type.tool";
		};
/* End PBXNativeTarget section */

/* Begin PBXProject section */
		A5A365332084E70C00246646 /* Project object */ = {
			isa = PBXProject;
			attributes = {
				LastUpgradeCheck = 0930;
				ORGANIZATIONNAME = "hongxing zhang";
				TargetAttributes = {
					A5A3653A2084E70C00246646 = {
						CreatedOnToolsVersion = 9.3;
					};
				};
			};
			buildConfigurationList = A5A365362084E70C00246646 /* Build configuration list for PBXProject "LearnOpenGL" */;
			compatibilityVersion = "Xcode 9.3";
			developmentRegion = en;
			hasScannedForEncodings = 0;
			knownRegions = (
				en,
			);
			mainGroup = A5A365322084E70C00246646;
			productRefGroup = A5A3653C2084E70C00246646 /* Products */;
			projectDirPath = "";
			projectRoot = "";
			targets = (
				A5A3653A2084E70C00246646 /* LearnOpenGL */,
			);
		};
/* End PBXProject section */

/* Begin PBXSourcesBuildPhase section */
		A5A365372084E70C00246646 /* Sources */ = {
			isa = PBXSourcesBuildPhase;
			buildActionMask = 2147483647;
			files = (
				B74B204E21D2136600F1C234 /* GActor.cpp in Sources */,
				B74B205421D216F200F1C234 /* FileHelper.cpp in Sources */,
				B72F0BA522264490009346E3 /* BlendingDiscard.cpp in Sources */,
				B74B205521D2187900F1C234 /* material.cpp in Sources */,
				B78E135A21E838F600D5E131 /* Model.cpp in Sources */,
				B74B205621D2313B00F1C234 /* lightmap.cpp in Sources */,
				B74B205021D216B200F1C234 /* ShaderProgram.cpp in Sources */,
				A5A3653F2084E70C00246646 /* main.cpp in Sources */,
				B74B205721D2380A00F1C234 /* LoadModel.cpp in Sources */,
				B74B204C21D2135B00F1C234 /* CameraManager.cpp in Sources */,
				B733249721E6FF8E00894C0E /* NewLoadModel.cpp in Sources */,
				B74B204A21D2121400F1C234 /* glad.cpp in Sources */,
				B733249C21E71F1200894C0E /* Mesh.cpp in Sources */,
				B75F880C222E178C00E6E18C /* Blending.cpp in Sources */,
				B7F5721221F6F023007DCF2D /* StencilTest.cpp in Sources */,
			);
			runOnlyForDeploymentPostprocessing = 0;
		};
/* End PBXSourcesBuildPhase section */

/* Begin XCBuildConfiguration section */
		A5A365402084E70C00246646 /* Debug */ = {
			isa = XCBuildConfiguration;
			buildSettings = {
				ALWAYS_SEARCH_USER_PATHS = NO;
				CLANG_ANALYZER_NONNULL = YES;
				CLANG_ANALYZER_NUMBER_OBJECT_CONVERSION = YES_AGGRESSIVE;
				CLANG_CXX_LANGUAGE_STANDARD = "gnu++14";
				CLANG_CXX_LIBRARY = "libc++";
				CLANG_ENABLE_MODULES = YES;
				CLANG_ENABLE_OBJC_ARC = YES;
				CLANG_ENABLE_OBJC_WEAK = YES;
				CLANG_WARN_BLOCK_CAPTURE_AUTORELEASING = YES;
				CLANG_WARN_BOOL_CONVERSION = YES;
				CLANG_WARN_COMMA = YES;
				CLANG_WARN_CONSTANT_CONVERSION = YES;
				CLANG_WARN_DEPRECATED_OBJC_IMPLEMENTATIONS = YES;
				CLANG_WARN_DIRECT_OBJC_ISA_USAGE = YES_ERROR;
				CLANG_WARN_DOCUMENTATION_COMMENTS = YES;
				CLANG_WARN_EMPTY_BODY = YES;
				CLANG_WARN_ENUM_CONVERSION = YES;
				CLANG_WARN_INFINITE_RECURSION = YES;
				CLANG_WARN_INT_CONVERSION = YES;
				CLANG_WARN_NON_LITERAL_NULL_CONVERSION = YES;
				CLANG_WARN_OBJC_IMPLICIT_RETAIN_SELF = YES;
				CLANG_WARN_OBJC_LITERAL_CONVERSION = YES;
				CLANG_WARN_OBJC_ROOT_CLASS = YES_ERROR;
				CLANG_WARN_RANGE_LOOP_ANALYSIS = YES;
				CLANG_WARN_STRICT_PROTOTYPES = YES;
				CLANG_WARN_SUSPICIOUS_MOVE = YES;
				CLANG_WARN_UNGUARDED_AVAILABILITY = YES_AGGRESSIVE;
				CLANG_WARN_UNREACHABLE_CODE = YES;
				CLANG_WARN__DUPLICATE_METHOD_MATCH = YES;
				CODE_SIGN_IDENTITY = "-";
				COPY_PHASE_STRIP = NO;
				DEBUG_INFORMATION_FORMAT = dwarf;
				ENABLE_STRICT_OBJC_MSGSEND = YES;
				ENABLE_TESTABILITY = YES;
				GCC_C_LANGUAGE_STANDARD = gnu11;
				GCC_DYNAMIC_NO_PIC = NO;
				GCC_NO_COMMON_BLOCKS = YES;
				GCC_OPTIMIZATION_LEVEL = 0;
				GCC_PREPROCESSOR_DEFINITIONS = (
					"DEBUG=1",
					"$(inherited)",
				);
				GCC_WARN_64_TO_32_BIT_CONVERSION = YES;
				GCC_WARN_ABOUT_RETURN_TYPE = YES_ERROR;
				GCC_WARN_UNDECLARED_SELECTOR = YES;
				GCC_WARN_UNINITIALIZED_AUTOS = YES_AGGRESSIVE;
				GCC_WARN_UNUSED_FUNCTION = YES;
				GCC_WARN_UNUSED_VARIABLE = YES;
				HEADER_SEARCH_PATHS = (
					"$(assimp_header)$(glew_header)$(glfw_header)",
					/Users/vv/work/LearnOpenGL/LearnOpenGL/LearnOpenGL/Includes/Glad,
				);
				LIBRARY_SEARCH_PATHS = (
					"$(assimp_lib)$(glfw_lib)$(glew_lib)",
					/Users/vv/work/LearnOpenGL/LearnOpenGL/LearnOpenGL/Includes/Glad,
				);
				MACOSX_DEPLOYMENT_TARGET = 10.13;
				MTL_ENABLE_DEBUG_INFO = YES;
				ONLY_ACTIVE_ARCH = YES;
				OTHER_LDFLAGS = "-licucore";
				SDKROOT = macosx;
			};
			name = Debug;
		};
		A5A365412084E70C00246646 /* Release */ = {
			isa = XCBuildConfiguration;
			buildSettings = {
				ALWAYS_SEARCH_USER_PATHS = NO;
				CLANG_ANALYZER_NONNULL = YES;
				CLANG_ANALYZER_NUMBER_OBJECT_CONVERSION = YES_AGGRESSIVE;
				CLANG_CXX_LANGUAGE_STANDARD = "gnu++14";
				CLANG_CXX_LIBRARY = "libc++";
				CLANG_ENABLE_MODULES = YES;
				CLANG_ENABLE_OBJC_ARC = YES;
				CLANG_ENABLE_OBJC_WEAK = YES;
				CLANG_WARN_BLOCK_CAPTURE_AUTORELEASING = YES;
				CLANG_WARN_BOOL_CONVERSION = YES;
				CLANG_WARN_COMMA = YES;
				CLANG_WARN_CONSTANT_CONVERSION = YES;
				CLANG_WARN_DEPRECATED_OBJC_IMPLEMENTATIONS = YES;
				CLANG_WARN_DIRECT_OBJC_ISA_USAGE = YES_ERROR;
				CLANG_WARN_DOCUMENTATION_COMMENTS = YES;
				CLANG_WARN_EMPTY_BODY = YES;
				CLANG_WARN_ENUM_CONVERSION = YES;
				CLANG_WARN_INFINITE_RECURSION = YES;
				CLANG_WARN_INT_CONVERSION = YES;
				CLANG_WARN_NON_LITERAL_NULL_CONVERSION = YES;
				CLANG_WARN_OBJC_IMPLICIT_RETAIN_SELF = YES;
				CLANG_WARN_OBJC_LITERAL_CONVERSION = YES;
				CLANG_WARN_OBJC_ROOT_CLASS = YES_ERROR;
				CLANG_WARN_RANGE_LOOP_ANALYSIS = YES;
				CLANG_WARN_STRICT_PROTOTYPES = YES;
				CLANG_WARN_SUSPICIOUS_MOVE = YES;
				CLANG_WARN_UNGUARDED_AVAILABILITY = YES_AGGRESSIVE;
				CLANG_WARN_UNREACHABLE_CODE = YES;
				CLANG_WARN__DUPLICATE_METHOD_MATCH = YES;
				CODE_SIGN_IDENTITY = "-";
				COPY_PHASE_STRIP = NO;
				DEBUG_INFORMATION_FORMAT = "dwarf-with-dsym";
				ENABLE_NS_ASSERTIONS = NO;
				ENABLE_STRICT_OBJC_MSGSEND = YES;
				GCC_C_LANGUAGE_STANDARD = gnu11;
				GCC_NO_COMMON_BLOCKS = YES;
				GCC_WARN_64_TO_32_BIT_CONVERSION = YES;
				GCC_WARN_ABOUT_RETURN_TYPE = YES_ERROR;
				GCC_WARN_UNDECLARED_SELECTOR = YES;
				GCC_WARN_UNINITIALIZED_AUTOS = YES_AGGRESSIVE;
				GCC_WARN_UNUSED_FUNCTION = YES;
				GCC_WARN_UNUSED_VARIABLE = YES;
				HEADER_SEARCH_PATHS = (
					"$(assimp_header)$(glew_header)$(glfw_header)",
					/Users/vv/work/LearnOpenGL/LearnOpenGL/LearnOpenGL/Includes/Glad,
				);
				LIBRARY_SEARCH_PATHS = (
					"$(assimp_lib)$(glfw_lib)$(glew_lib)",
					/Users/vv/work/LearnOpenGL/LearnOpenGL/LearnOpenGL/Includes/Glad,
				);
				MACOSX_DEPLOYMENT_TARGET = 10.13;
				MTL_ENABLE_DEBUG_INFO = NO;
				OTHER_LDFLAGS = "-licucore";
				SDKROOT = macosx;
			};
			name = Release;
		};
		A5A365432084E70C00246646 /* Debug */ = {
			isa = XCBuildConfiguration;
			buildSettings = {
				CODE_SIGN_STYLE = Automatic;
				HEADER_SEARCH_PATHS = (
					"$(glew_header)",
					"$(glfw_header)",
					"$(assimp_header)",
				);
				LIBRARY_SEARCH_PATHS = (
					"$(glew_lib)",
					"$(glfw_lib)",
					"$(assimp_lib)",
					"$(SDKROOT)/usr/lib/system",
					/usr/local/Cellar/glew/2.1.0/lib,
					/usr/local/Cellar/glfw/3.2.1/lib,
					/usr/local/Cellar/assimp/4.1.0/lib,
				);
				PRODUCT_NAME = "$(TARGET_NAME)";
			};
			name = Debug;
		};
		A5A365442084E70C00246646 /* Release */ = {
			isa = XCBuildConfiguration;
			buildSettings = {
				CODE_SIGN_STYLE = Automatic;
				HEADER_SEARCH_PATHS = (
					"$(glew_header)",
					"$(glfw_header)",
					"$(assimp_header)",
				);
				LIBRARY_SEARCH_PATHS = (
					"$(glew_lib)",
					"$(glfw_lib)",
					"$(assimp_lib)",
					"$(SDKROOT)/usr/lib/system",
					/usr/local/Cellar/glew/2.1.0/lib,
					/usr/local/Cellar/glfw/3.2.1/lib,
					/usr/local/Cellar/assimp/4.1.0/lib,
				);
				PRODUCT_NAME = "$(TARGET_NAME)";
			};
			name = Release;
		};
/* End XCBuildConfiguration section */

/* Begin XCConfigurationList section */
		A5A365362084E70C00246646 /* Build configuration list for PBXProject "LearnOpenGL" */ = {
			isa = XCConfigurationList;
			buildConfigurations = (
				A5A365402084E70C00246646 /* Debug */,
				A5A365412084E70C00246646 /* Release */,
			);
			defaultConfigurationIsVisible = 0;
			defaultConfigurationName = Release;
		};
		A5A365422084E70C00246646 /* Build configuration list for PBXNativeTarget "LearnOpenGL" */ = {
			isa = XCConfigurationList;
			buildConfigurations = (
				A5A365432084E70C00246646 /* Debug */,
				A5A365442084E70C00246646 /* Release */,
			);
			defaultConfigurationIsVisible = 0;
			defaultConfigurationName = Release;
		};
/* End XCConfigurationList section */
	};
	rootObject = A5A365332084E70C00246646 /* Project object */;
}
