// !$*UTF8*$!
{
	archiveVersion = 1;
	classes = {
	};
	objectVersion = 50;
	objects = {

/* Begin PBXBuildFile section */
		115F9B3720F463DC0013E6A2 /* FileHelper.cpp in Sources */ = {isa = PBXBuildFile; fileRef = 115F9A2020F463DC0013E6A2 /* FileHelper.cpp */; };
		115F9B3820F463DC0013E6A2 /* glad.c in Sources */ = {isa = PBXBuildFile; fileRef = 115F9A2620F463DC0013E6A2 /* glad.c */; };
		115F9B4720F493980013E6A2 /* material.cpp in Sources */ = {isa = PBXBuildFile; fileRef = 115F9B4520F493980013E6A2 /* material.cpp */; };
		1181FB7A20E08F86005987EF /* CameraManager.cpp in Sources */ = {isa = PBXBuildFile; fileRef = 1181FA5120E08F85005987EF /* CameraManager.cpp */; };
		1181FB7B20E08F86005987EF /* Camera.cpp in Sources */ = {isa = PBXBuildFile; fileRef = 1181FA5220E08F85005987EF /* Camera.cpp */; };
		1181FB7C20E08F86005987EF /* GameObject.cpp in Sources */ = {isa = PBXBuildFile; fileRef = 1181FA5820E08F85005987EF /* GameObject.cpp */; };
		1181FB7D20E08F86005987EF /* BaseObject.cpp in Sources */ = {isa = PBXBuildFile; fileRef = 1181FA5920E08F85005987EF /* BaseObject.cpp */; };
		1181FB7E20E08F86005987EF /* ObjectManager.cpp in Sources */ = {isa = PBXBuildFile; fileRef = 1181FA5B20E08F85005987EF /* ObjectManager.cpp */; };
		1181FB7F20E08F86005987EF /* ShaderProgram.cpp in Sources */ = {isa = PBXBuildFile; fileRef = 1181FA6020E08F85005987EF /* ShaderProgram.cpp */; };
		1181FB8320E08F86005987EF /* GActor.cpp in Sources */ = {isa = PBXBuildFile; fileRef = 1181FB7820E08F86005987EF /* GActor.cpp */; };
		A57B70602084EB4600404802 /* libGLEW.2.1.0.dylib in Frameworks */ = {isa = PBXBuildFile; fileRef = A57B705F2084EB4600404802 /* libGLEW.2.1.0.dylib */; };
		A57B70622084EB5E00404802 /* libglfw.3.2.dylib in Frameworks */ = {isa = PBXBuildFile; fileRef = A57B70612084EB5E00404802 /* libglfw.3.2.dylib */; };
		A5A3653F2084E70C00246646 /* main.cpp in Sources */ = {isa = PBXBuildFile; fileRef = A5A3653E2084E70C00246646 /* main.cpp */; };
		A5A365472084E86C00246646 /* OpenGL.framework in Frameworks */ = {isa = PBXBuildFile; fileRef = A5A365462084E86C00246646 /* OpenGL.framework */; };
/* End PBXBuildFile section */

/* Begin PBXCopyFilesBuildPhase section */
		A5A365392084E70C00246646 /* CopyFiles */ = {
			isa = PBXCopyFilesBuildPhase;
			buildActionMask = 2147483647;
			dstPath = "";
			dstSubfolderSpec = 0;
			files = (
			);
			runOnlyForDeploymentPostprocessing = 1;
		};
/* End PBXCopyFilesBuildPhase section */

/* Begin PBXFileReference section */
		1102BDE520A198F80061B7D5 /* VertexShader.strings */ = {isa = PBXFileReference; fileEncoding = 4; lastKnownFileType = text.plist.strings; path = VertexShader.strings; sourceTree = "<group>"; };
		1102BDE620A199170061B7D5 /* FragmentShader.strings */ = {isa = PBXFileReference; lastKnownFileType = text.plist.strings; path = FragmentShader.strings; sourceTree = "<group>"; };
		115F9A2020F463DC0013E6A2 /* FileHelper.cpp */ = {isa = PBXFileReference; fileEncoding = 4; lastKnownFileType = sourcecode.cpp.cpp; path = FileHelper.cpp; sourceTree = "<group>"; };
		115F9A2220F463DC0013E6A2 /* stb_image.h */ = {isa = PBXFileReference; fileEncoding = 4; lastKnownFileType = sourcecode.c.h; path = stb_image.h; sourceTree = "<group>"; };
		115F9A2320F463DC0013E6A2 /* FileHelper.h */ = {isa = PBXFileReference; fileEncoding = 4; lastKnownFileType = sourcecode.c.h; path = FileHelper.h; sourceTree = "<group>"; };
		115F9A2520F463DC0013E6A2 /* glad.h */ = {isa = PBXFileReference; fileEncoding = 4; lastKnownFileType = sourcecode.c.h; path = glad.h; sourceTree = "<group>"; };
		115F9A2620F463DC0013E6A2 /* glad.c */ = {isa = PBXFileReference; fileEncoding = 4; lastKnownFileType = sourcecode.c.c; path = glad.c; sourceTree = "<group>"; };
		115F9A2720F463DC0013E6A2 /* khrplatform.h */ = {isa = PBXFileReference; fileEncoding = 4; lastKnownFileType = sourcecode.c.h; path = khrplatform.h; sourceTree = "<group>"; };
		115F9B3B20F463F60013E6A2 /* glm */ = {isa = PBXFileReference; lastKnownFileType = folder; path = glm; sourceTree = "<group>"; };
		115F9B4120F47EDE0013E6A2 /* lfs.strings */ = {isa = PBXFileReference; fileEncoding = 4; lastKnownFileType = text.plist.strings; path = lfs.strings; sourceTree = "<group>"; };
		115F9B4220F47EDE0013E6A2 /* mfs.strings */ = {isa = PBXFileReference; fileEncoding = 4; lastKnownFileType = text.plist.strings; path = mfs.strings; sourceTree = "<group>"; };
		115F9B4320F47EDE0013E6A2 /* mvs.strings */ = {isa = PBXFileReference; fileEncoding = 4; lastKnownFileType = text.plist.strings; path = mvs.strings; sourceTree = "<group>"; };
		115F9B4420F47EDE0013E6A2 /* lvs.strings */ = {isa = PBXFileReference; fileEncoding = 4; lastKnownFileType = text.plist.strings; path = lvs.strings; sourceTree = "<group>"; };
		115F9B4520F493980013E6A2 /* material.cpp */ = {isa = PBXFileReference; lastKnownFileType = sourcecode.cpp.cpp; path = material.cpp; sourceTree = "<group>"; };
		115F9B4620F493980013E6A2 /* material.hpp */ = {isa = PBXFileReference; lastKnownFileType = sourcecode.cpp.h; path = material.hpp; sourceTree = "<group>"; };
		117BA3B520D8F1BC0043C180 /* LightingObjectVertex.strings */ = {isa = PBXFileReference; fileEncoding = 4; lastKnownFileType = text.plist.strings; path = LightingObjectVertex.strings; sourceTree = "<group>"; };
		117BA3B620D8F1BD0043C180 /* LightingObjectFrag.strings */ = {isa = PBXFileReference; fileEncoding = 4; lastKnownFileType = text.plist.strings; path = LightingObjectFrag.strings; sourceTree = "<group>"; };
		1181FA4A20E08F85005987EF /* IObjectInterface.h */ = {isa = PBXFileReference; fileEncoding = 4; lastKnownFileType = sourcecode.c.h; path = IObjectInterface.h; sourceTree = "<group>"; };
		1181FA5120E08F85005987EF /* CameraManager.cpp */ = {isa = PBXFileReference; fileEncoding = 4; lastKnownFileType = sourcecode.cpp.cpp; path = CameraManager.cpp; sourceTree = "<group>"; };
		1181FA5220E08F85005987EF /* Camera.cpp */ = {isa = PBXFileReference; fileEncoding = 4; lastKnownFileType = sourcecode.cpp.cpp; path = Camera.cpp; sourceTree = "<group>"; };
		1181FA5320E08F85005987EF /* Camera.h */ = {isa = PBXFileReference; fileEncoding = 4; lastKnownFileType = sourcecode.c.h; path = Camera.h; sourceTree = "<group>"; };
		1181FA5420E08F85005987EF /* CameraManager.h */ = {isa = PBXFileReference; fileEncoding = 4; lastKnownFileType = sourcecode.c.h; path = CameraManager.h; sourceTree = "<group>"; };
		1181FA5620E08F85005987EF /* GameObject.h */ = {isa = PBXFileReference; fileEncoding = 4; lastKnownFileType = sourcecode.c.h; path = GameObject.h; sourceTree = "<group>"; };
		1181FA5720E08F85005987EF /* BaseObject.h */ = {isa = PBXFileReference; fileEncoding = 4; lastKnownFileType = sourcecode.c.h; path = BaseObject.h; sourceTree = "<group>"; };
		1181FA5820E08F85005987EF /* GameObject.cpp */ = {isa = PBXFileReference; fileEncoding = 4; lastKnownFileType = sourcecode.cpp.cpp; path = GameObject.cpp; sourceTree = "<group>"; };
		1181FA5920E08F85005987EF /* BaseObject.cpp */ = {isa = PBXFileReference; fileEncoding = 4; lastKnownFileType = sourcecode.cpp.cpp; path = BaseObject.cpp; sourceTree = "<group>"; };
		1181FA5B20E08F85005987EF /* ObjectManager.cpp */ = {isa = PBXFileReference; fileEncoding = 4; lastKnownFileType = sourcecode.cpp.cpp; path = ObjectManager.cpp; sourceTree = "<group>"; };
		1181FA5C20E08F85005987EF /* ObjectManager.h */ = {isa = PBXFileReference; fileEncoding = 4; lastKnownFileType = sourcecode.c.h; path = ObjectManager.h; sourceTree = "<group>"; };
		1181FA5D20E08F85005987EF /* TemplateManager.h */ = {isa = PBXFileReference; fileEncoding = 4; lastKnownFileType = sourcecode.c.h; path = TemplateManager.h; sourceTree = "<group>"; };
		1181FA5F20E08F85005987EF /* ShaderProgram.h */ = {isa = PBXFileReference; fileEncoding = 4; lastKnownFileType = sourcecode.c.h; path = ShaderProgram.h; sourceTree = "<group>"; };
		1181FA6020E08F85005987EF /* ShaderProgram.cpp */ = {isa = PBXFileReference; fileEncoding = 4; lastKnownFileType = sourcecode.cpp.cpp; path = ShaderProgram.cpp; sourceTree = "<group>"; };
		1181FA6620E08F85005987EF /* GameHeader.h */ = {isa = PBXFileReference; fileEncoding = 4; lastKnownFileType = sourcecode.c.h; path = GameHeader.h; sourceTree = "<group>"; };
		1181FB7720E08F86005987EF /* GActor.h */ = {isa = PBXFileReference; fileEncoding = 4; lastKnownFileType = sourcecode.c.h; path = GActor.h; sourceTree = "<group>"; };
		1181FB7820E08F86005987EF /* GActor.cpp */ = {isa = PBXFileReference; fileEncoding = 4; lastKnownFileType = sourcecode.cpp.cpp; path = GActor.cpp; sourceTree = "<group>"; };
		11AE24EE20AA888A0060B7DB /* awesomeface.jpg */ = {isa = PBXFileReference; lastKnownFileType = image.jpeg; path = awesomeface.jpg; sourceTree = "<group>"; };
		11F7C2B020BFE987008835E7 /* LightFrag.strings */ = {isa = PBXFileReference; fileEncoding = 4; lastKnownFileType = text.plist.strings; path = LightFrag.strings; sourceTree = "<group>"; };
		11F7C2B120BFE987008835E7 /* LightVertex.strings */ = {isa = PBXFileReference; fileEncoding = 4; lastKnownFileType = text.plist.strings; path = LightVertex.strings; sourceTree = "<group>"; };
		A57B705F2084EB4600404802 /* libGLEW.2.1.0.dylib */ = {isa = PBXFileReference; lastKnownFileType = "compiled.mach-o.dylib"; name = libGLEW.2.1.0.dylib; path = ../../../../../usr/local/Cellar/glew/2.1.0/lib/libGLEW.2.1.0.dylib; sourceTree = "<group>"; };
		A57B70612084EB5E00404802 /* libglfw.3.2.dylib */ = {isa = PBXFileReference; lastKnownFileType = "compiled.mach-o.dylib"; name = libglfw.3.2.dylib; path = ../../../../../usr/local/Cellar/glfw/3.2.1/lib/libglfw.3.2.dylib; sourceTree = "<group>"; };
		A57BB41C20A9C94E0040AEBC /* container.jpg */ = {isa = PBXFileReference; lastKnownFileType = image.jpeg; path = container.jpg; sourceTree = "<group>"; };
		A57BB41D20A9C94E0040AEBC /* wall.jpg */ = {isa = PBXFileReference; lastKnownFileType = image.jpeg; path = wall.jpg; sourceTree = "<group>"; };
		A5A3653B2084E70C00246646 /* LearnOpenGL */ = {isa = PBXFileReference; explicitFileType = "compiled.mach-o.executable"; includeInIndex = 0; path = LearnOpenGL; sourceTree = BUILT_PRODUCTS_DIR; };
		A5A3653E2084E70C00246646 /* main.cpp */ = {isa = PBXFileReference; lastKnownFileType = sourcecode.cpp.cpp; path = main.cpp; sourceTree = "<group>"; };
		A5A365462084E86C00246646 /* OpenGL.framework */ = {isa = PBXFileReference; lastKnownFileType = wrapper.framework; name = OpenGL.framework; path = System/Library/Frameworks/OpenGL.framework; sourceTree = SDKROOT; };
/* End PBXFileReference section */

/* Begin PBXFrameworksBuildPhase section */
		A5A365382084E70C00246646 /* Frameworks */ = {
			isa = PBXFrameworksBuildPhase;
			buildActionMask = 2147483647;
			files = (
				A57B70622084EB5E00404802 /* libglfw.3.2.dylib in Frameworks */,
				A57B70602084EB4600404802 /* libGLEW.2.1.0.dylib in Frameworks */,
				A5A365472084E86C00246646 /* OpenGL.framework in Frameworks */,
			);
			runOnlyForDeploymentPostprocessing = 0;
		};
/* End PBXFrameworksBuildPhase section */

/* Begin PBXGroup section */
		1102BDE420A198F80061B7D5 /* Shaders */ = {
			isa = PBXGroup;
			children = (
				115F9B3C20F47E7A0013E6A2 /* material */,
				117BA3B620D8F1BD0043C180 /* LightingObjectFrag.strings */,
				117BA3B520D8F1BC0043C180 /* LightingObjectVertex.strings */,
				11F7C2B020BFE987008835E7 /* LightFrag.strings */,
				11F7C2B120BFE987008835E7 /* LightVertex.strings */,
				1102BDE520A198F80061B7D5 /* VertexShader.strings */,
				1102BDE620A199170061B7D5 /* FragmentShader.strings */,
			);
			path = Shaders;
			sourceTree = "<group>";
		};
		115F9A1E20F463DC0013E6A2 /* Includes */ = {
			isa = PBXGroup;
			children = (
				115F9B3B20F463F60013E6A2 /* glm */,
				115F9A1F20F463DC0013E6A2 /* Tools */,
				115F9A2420F463DC0013E6A2 /* Glad */,
			);
			path = Includes;
			sourceTree = "<group>";
		};
		115F9A1F20F463DC0013E6A2 /* Tools */ = {
			isa = PBXGroup;
			children = (
				115F9A2020F463DC0013E6A2 /* FileHelper.cpp */,
				115F9A2120F463DC0013E6A2 /* ImageTool */,
				115F9A2320F463DC0013E6A2 /* FileHelper.h */,
			);
			path = Tools;
			sourceTree = "<group>";
		};
		115F9A2120F463DC0013E6A2 /* ImageTool */ = {
			isa = PBXGroup;
			children = (
				115F9A2220F463DC0013E6A2 /* stb_image.h */,
			);
			path = ImageTool;
			sourceTree = "<group>";
		};
		115F9A2420F463DC0013E6A2 /* Glad */ = {
			isa = PBXGroup;
			children = (
				115F9A2520F463DC0013E6A2 /* glad.h */,
				115F9A2620F463DC0013E6A2 /* glad.c */,
				115F9A2720F463DC0013E6A2 /* khrplatform.h */,
			);
			path = Glad;
			sourceTree = "<group>";
		};
		115F9B3C20F47E7A0013E6A2 /* material */ = {
			isa = PBXGroup;
			children = (
				115F9B4120F47EDE0013E6A2 /* lfs.strings */,
				115F9B4420F47EDE0013E6A2 /* lvs.strings */,
				115F9B4220F47EDE0013E6A2 /* mfs.strings */,
				115F9B4320F47EDE0013E6A2 /* mvs.strings */,
				115F9B4520F493980013E6A2 /* material.cpp */,
				115F9B4620F493980013E6A2 /* material.hpp */,
			);
			path = material;
			sourceTree = "<group>";
		};
		1181FA4820E08F85005987EF /* GameFrame */ = {
			isa = PBXGroup;
			children = (
				1181FA4920E08F85005987EF /* Interface */,
				1181FA5020E08F85005987EF /* Camera */,
				1181FA5520E08F85005987EF /* BaseObject */,
				1181FA5A20E08F85005987EF /* Managers */,
				1181FA5E20E08F85005987EF /* Render */,
				1181FA6520E08F85005987EF /* IncludeHeader */,
				1181FB7620E08F86005987EF /* Actor */,
			);
			path = GameFrame;
			sourceTree = "<group>";
		};
		1181FA4920E08F85005987EF /* Interface */ = {
			isa = PBXGroup;
			children = (
				1181FA4A20E08F85005987EF /* IObjectInterface.h */,
			);
			path = Interface;
			sourceTree = "<group>";
		};
		1181FA5020E08F85005987EF /* Camera */ = {
			isa = PBXGroup;
			children = (
				1181FA5120E08F85005987EF /* CameraManager.cpp */,
				1181FA5220E08F85005987EF /* Camera.cpp */,
				1181FA5320E08F85005987EF /* Camera.h */,
				1181FA5420E08F85005987EF /* CameraManager.h */,
			);
			path = Camera;
			sourceTree = "<group>";
		};
		1181FA5520E08F85005987EF /* BaseObject */ = {
			isa = PBXGroup;
			children = (
				1181FA5620E08F85005987EF /* GameObject.h */,
				1181FA5720E08F85005987EF /* BaseObject.h */,
				1181FA5820E08F85005987EF /* GameObject.cpp */,
				1181FA5920E08F85005987EF /* BaseObject.cpp */,
			);
			path = BaseObject;
			sourceTree = "<group>";
		};
		1181FA5A20E08F85005987EF /* Managers */ = {
			isa = PBXGroup;
			children = (
				1181FA5B20E08F85005987EF /* ObjectManager.cpp */,
				1181FA5C20E08F85005987EF /* ObjectManager.h */,
				1181FA5D20E08F85005987EF /* TemplateManager.h */,
			);
			path = Managers;
			sourceTree = "<group>";
		};
		1181FA5E20E08F85005987EF /* Render */ = {
			isa = PBXGroup;
			children = (
				1181FA5F20E08F85005987EF /* ShaderProgram.h */,
				1181FA6020E08F85005987EF /* ShaderProgram.cpp */,
			);
			path = Render;
			sourceTree = "<group>";
		};
		1181FA6520E08F85005987EF /* IncludeHeader */ = {
			isa = PBXGroup;
			children = (
				1181FA6620E08F85005987EF /* GameHeader.h */,
			);
			path = IncludeHeader;
			sourceTree = "<group>";
		};
		1181FB7620E08F86005987EF /* Actor */ = {
			isa = PBXGroup;
			children = (
				1181FB7720E08F86005987EF /* GActor.h */,
				1181FB7820E08F86005987EF /* GActor.cpp */,
			);
			path = Actor;
			sourceTree = "<group>";
		};
		A57BB41920A9C8E60040AEBC /* Resource */ = {
			isa = PBXGroup;
			children = (
				A57BB41A20A9C9110040AEBC /* Image */,
			);
			path = Resource;
			sourceTree = "<group>";
		};
		A57BB41A20A9C9110040AEBC /* Image */ = {
			isa = PBXGroup;
			children = (
				11AE24EE20AA888A0060B7DB /* awesomeface.jpg */,
				A57BB41C20A9C94E0040AEBC /* container.jpg */,
				A57BB41D20A9C94E0040AEBC /* wall.jpg */,
			);
			path = Image;
			sourceTree = "<group>";
		};
		A5A365322084E70C00246646 = {
			isa = PBXGroup;
			children = (
				A5A3653D2084E70C00246646 /* LearnOpenGL */,
				A5A3653C2084E70C00246646 /* Products */,
				A5A365452084E86C00246646 /* Frameworks */,
			);
			sourceTree = "<group>";
		};
		A5A3653C2084E70C00246646 /* Products */ = {
			isa = PBXGroup;
			children = (
				A5A3653B2084E70C00246646 /* LearnOpenGL */,
			);
			name = Products;
			sourceTree = "<group>";
		};
		A5A3653D2084E70C00246646 /* LearnOpenGL */ = {
			isa = PBXGroup;
			children = (
				115F9A1E20F463DC0013E6A2 /* Includes */,
				1181FA4820E08F85005987EF /* GameFrame */,
				A57BB41920A9C8E60040AEBC /* Resource */,
				1102BDE420A198F80061B7D5 /* Shaders */,
				A5A3653E2084E70C00246646 /* main.cpp */,
			);
			path = LearnOpenGL;
			sourceTree = "<group>";
		};
		A5A365452084E86C00246646 /* Frameworks */ = {
			isa = PBXGroup;
			children = (
				A57B70612084EB5E00404802 /* libglfw.3.2.dylib */,
				A57B705F2084EB4600404802 /* libGLEW.2.1.0.dylib */,
				A5A365462084E86C00246646 /* OpenGL.framework */,
			);
			name = Frameworks;
			sourceTree = "<group>";
		};
/* End PBXGroup section */

/* Begin PBXNativeTarget section */
		A5A3653A2084E70C00246646 /* LearnOpenGL */ = {
			isa = PBXNativeTarget;
			buildConfigurationList = A5A365422084E70C00246646 /* Build configuration list for PBXNativeTarget "LearnOpenGL" */;
			buildPhases = (
				A5A365372084E70C00246646 /* Sources */,
				A5A365382084E70C00246646 /* Frameworks */,
				A5A365392084E70C00246646 /* CopyFiles */,
			);
			buildRules = (
			);
			dependencies = (
			);
			name = LearnOpenGL;
			productName = LearnOpenGL;
			productReference = A5A3653B2084E70C00246646 /* LearnOpenGL */;
			productType = "com.apple.product-type.tool";
		};
/* End PBXNativeTarget section */

/* Begin PBXProject section */
		A5A365332084E70C00246646 /* Project object */ = {
			isa = PBXProject;
			attributes = {
				LastUpgradeCheck = 0930;
				ORGANIZATIONNAME = "hongxing zhang";
				TargetAttributes = {
					A5A3653A2084E70C00246646 = {
						CreatedOnToolsVersion = 9.3;
					};
				};
			};
			buildConfigurationList = A5A365362084E70C00246646 /* Build configuration list for PBXProject "LearnOpenGL" */;
			compatibilityVersion = "Xcode 9.3";
			developmentRegion = en;
			hasScannedForEncodings = 0;
			knownRegions = (
				en,
			);
			mainGroup = A5A365322084E70C00246646;
			productRefGroup = A5A3653C2084E70C00246646 /* Products */;
			projectDirPath = "";
			projectRoot = "";
			targets = (
				A5A3653A2084E70C00246646 /* LearnOpenGL */,
			);
		};
/* End PBXProject section */

/* Begin PBXSourcesBuildPhase section */
		A5A365372084E70C00246646 /* Sources */ = {
			isa = PBXSourcesBuildPhase;
			buildActionMask = 2147483647;
			files = (
				1181FB7B20E08F86005987EF /* Camera.cpp in Sources */,
				115F9B3720F463DC0013E6A2 /* FileHelper.cpp in Sources */,
				1181FB7F20E08F86005987EF /* ShaderProgram.cpp in Sources */,
				115F9B4720F493980013E6A2 /* material.cpp in Sources */,
				1181FB7D20E08F86005987EF /* BaseObject.cpp in Sources */,
				1181FB7E20E08F86005987EF /* ObjectManager.cpp in Sources */,
				115F9B3820F463DC0013E6A2 /* glad.c in Sources */,
				A5A3653F2084E70C00246646 /* main.cpp in Sources */,
				1181FB7A20E08F86005987EF /* CameraManager.cpp in Sources */,
				1181FB8320E08F86005987EF /* GActor.cpp in Sources */,
				1181FB7C20E08F86005987EF /* GameObject.cpp in Sources */,
			);
			runOnlyForDeploymentPostprocessing = 0;
		};
/* End PBXSourcesBuildPhase section */

/* Begin XCBuildConfiguration section */
		A5A365402084E70C00246646 /* Debug */ = {
			isa = XCBuildConfiguration;
			buildSettings = {
				ALWAYS_SEARCH_USER_PATHS = NO;
				CLANG_ANALYZER_NONNULL = YES;
				CLANG_ANALYZER_NUMBER_OBJECT_CONVERSION = YES_AGGRESSIVE;
				CLANG_CXX_LANGUAGE_STANDARD = "gnu++14";
				CLANG_CXX_LIBRARY = "libc++";
				CLANG_ENABLE_MODULES = YES;
				CLANG_ENABLE_OBJC_ARC = YES;
				CLANG_ENABLE_OBJC_WEAK = YES;
				CLANG_WARN_BLOCK_CAPTURE_AUTORELEASING = YES;
				CLANG_WARN_BOOL_CONVERSION = YES;
				CLANG_WARN_COMMA = YES;
				CLANG_WARN_CONSTANT_CONVERSION = YES;
				CLANG_WARN_DEPRECATED_OBJC_IMPLEMENTATIONS = YES;
				CLANG_WARN_DIRECT_OBJC_ISA_USAGE = YES_ERROR;
				CLANG_WARN_DOCUMENTATION_COMMENTS = YES;
				CLANG_WARN_EMPTY_BODY = YES;
				CLANG_WARN_ENUM_CONVERSION = YES;
				CLANG_WARN_INFINITE_RECURSION = YES;
				CLANG_WARN_INT_CONVERSION = YES;
				CLANG_WARN_NON_LITERAL_NULL_CONVERSION = YES;
				CLANG_WARN_OBJC_IMPLICIT_RETAIN_SELF = YES;
				CLANG_WARN_OBJC_LITERAL_CONVERSION = YES;
				CLANG_WARN_OBJC_ROOT_CLASS = YES_ERROR;
				CLANG_WARN_RANGE_LOOP_ANALYSIS = YES;
				CLANG_WARN_STRICT_PROTOTYPES = YES;
				CLANG_WARN_SUSPICIOUS_MOVE = YES;
				CLANG_WARN_UNGUARDED_AVAILABILITY = YES_AGGRESSIVE;
				CLANG_WARN_UNREACHABLE_CODE = YES;
				CLANG_WARN__DUPLICATE_METHOD_MATCH = YES;
				CODE_SIGN_IDENTITY = "-";
				COPY_PHASE_STRIP = NO;
				DEBUG_INFORMATION_FORMAT = dwarf;
				ENABLE_STRICT_OBJC_MSGSEND = YES;
				ENABLE_TESTABILITY = YES;
				GCC_C_LANGUAGE_STANDARD = gnu11;
				GCC_DYNAMIC_NO_PIC = NO;
				GCC_NO_COMMON_BLOCKS = YES;
				GCC_OPTIMIZATION_LEVEL = 0;
				GCC_PREPROCESSOR_DEFINITIONS = (
					"DEBUG=1",
					"$(inherited)",
				);
				GCC_WARN_64_TO_32_BIT_CONVERSION = YES;
				GCC_WARN_ABOUT_RETURN_TYPE = YES_ERROR;
				GCC_WARN_UNDECLARED_SELECTOR = YES;
				GCC_WARN_UNINITIALIZED_AUTOS = YES_AGGRESSIVE;
				GCC_WARN_UNUSED_FUNCTION = YES;
				GCC_WARN_UNUSED_VARIABLE = YES;
				MACOSX_DEPLOYMENT_TARGET = 10.13;
				MTL_ENABLE_DEBUG_INFO = YES;
				ONLY_ACTIVE_ARCH = YES;
				SDKROOT = macosx;
			};
			name = Debug;
		};
		A5A365412084E70C00246646 /* Release */ = {
			isa = XCBuildConfiguration;
			buildSettings = {
				ALWAYS_SEARCH_USER_PATHS = NO;
				CLANG_ANALYZER_NONNULL = YES;
				CLANG_ANALYZER_NUMBER_OBJECT_CONVERSION = YES_AGGRESSIVE;
				CLANG_CXX_LANGUAGE_STANDARD = "gnu++14";
				CLANG_CXX_LIBRARY = "libc++";
				CLANG_ENABLE_MODULES = YES;
				CLANG_ENABLE_OBJC_ARC = YES;
				CLANG_ENABLE_OBJC_WEAK = YES;
				CLANG_WARN_BLOCK_CAPTURE_AUTORELEASING = YES;
				CLANG_WARN_BOOL_CONVERSION = YES;
				CLANG_WARN_COMMA = YES;
				CLANG_WARN_CONSTANT_CONVERSION = YES;
				CLANG_WARN_DEPRECATED_OBJC_IMPLEMENTATIONS = YES;
				CLANG_WARN_DIRECT_OBJC_ISA_USAGE = YES_ERROR;
				CLANG_WARN_DOCUMENTATION_COMMENTS = YES;
				CLANG_WARN_EMPTY_BODY = YES;
				CLANG_WARN_ENUM_CONVERSION = YES;
				CLANG_WARN_INFINITE_RECURSION = YES;
				CLANG_WARN_INT_CONVERSION = YES;
				CLANG_WARN_NON_LITERAL_NULL_CONVERSION = YES;
				CLANG_WARN_OBJC_IMPLICIT_RETAIN_SELF = YES;
				CLANG_WARN_OBJC_LITERAL_CONVERSION = YES;
				CLANG_WARN_OBJC_ROOT_CLASS = YES_ERROR;
				CLANG_WARN_RANGE_LOOP_ANALYSIS = YES;
				CLANG_WARN_STRICT_PROTOTYPES = YES;
				CLANG_WARN_SUSPICIOUS_MOVE = YES;
				CLANG_WARN_UNGUARDED_AVAILABILITY = YES_AGGRESSIVE;
				CLANG_WARN_UNREACHABLE_CODE = YES;
				CLANG_WARN__DUPLICATE_METHOD_MATCH = YES;
				CODE_SIGN_IDENTITY = "-";
				COPY_PHASE_STRIP = NO;
				DEBUG_INFORMATION_FORMAT = "dwarf-with-dsym";
				ENABLE_NS_ASSERTIONS = NO;
				ENABLE_STRICT_OBJC_MSGSEND = YES;
				GCC_C_LANGUAGE_STANDARD = gnu11;
				GCC_NO_COMMON_BLOCKS = YES;
				GCC_WARN_64_TO_32_BIT_CONVERSION = YES;
				GCC_WARN_ABOUT_RETURN_TYPE = YES_ERROR;
				GCC_WARN_UNDECLARED_SELECTOR = YES;
				GCC_WARN_UNINITIALIZED_AUTOS = YES_AGGRESSIVE;
				GCC_WARN_UNUSED_FUNCTION = YES;
				GCC_WARN_UNUSED_VARIABLE = YES;
				MACOSX_DEPLOYMENT_TARGET = 10.13;
				MTL_ENABLE_DEBUG_INFO = NO;
				SDKROOT = macosx;
			};
			name = Release;
		};
		A5A365432084E70C00246646 /* Debug */ = {
			isa = XCBuildConfiguration;
			buildSettings = {
				CODE_SIGN_STYLE = Automatic;
				HEADER_SEARCH_PATHS = (
					"$(glew_header)",
					"$(glfw_header)",
					/Users/fafa/Learn/LearnOpenGL/LearnOpenGL/LearnOpenGL/Includes,
				);
				LIBRARY_SEARCH_PATHS = (
					"$(glew_lib)",
					"$(glfw_lib)",
					"$(SDKROOT)/usr/lib/system",
				);
				PRODUCT_NAME = "$(TARGET_NAME)";
			};
			name = Debug;
		};
		A5A365442084E70C00246646 /* Release */ = {
			isa = XCBuildConfiguration;
			buildSettings = {
				CODE_SIGN_STYLE = Automatic;
				HEADER_SEARCH_PATHS = (
					"$(glew_header)",
					"$(glfw_header)",
					/Users/fafa/Learn/LearnOpenGL/LearnOpenGL/LearnOpenGL/Includes,
				);
				LIBRARY_SEARCH_PATHS = (
					"$(glew_lib)",
					"$(glfw_lib)",
					"$(SDKROOT)/usr/lib/system",
				);
				PRODUCT_NAME = "$(TARGET_NAME)";
			};
			name = Release;
		};
/* End XCBuildConfiguration section */

/* Begin XCConfigurationList section */
		A5A365362084E70C00246646 /* Build configuration list for PBXProject "LearnOpenGL" */ = {
			isa = XCConfigurationList;
			buildConfigurations = (
				A5A365402084E70C00246646 /* Debug */,
				A5A365412084E70C00246646 /* Release */,
			);
			defaultConfigurationIsVisible = 0;
			defaultConfigurationName = Release;
		};
		A5A365422084E70C00246646 /* Build configuration list for PBXNativeTarget "LearnOpenGL" */ = {
			isa = XCConfigurationList;
			buildConfigurations = (
				A5A365432084E70C00246646 /* Debug */,
				A5A365442084E70C00246646 /* Release */,
			);
			defaultConfigurationIsVisible = 0;
			defaultConfigurationName = Release;
		};
/* End XCConfigurationList section */
	};
	rootObject = A5A365332084E70C00246646 /* Project object */;
}
